
Microsoft Visual Studio Solution File, Format Version 12.00
# Visual Studio Version 16
VisualStudioVersion = 16.0.29806.167
MinimumVisualStudioVersion = 10.0.40219.1
Project("{FAE04EC0-301F-11D3-BF4B-00C04F79EFBC}") = "HelloUwp", "HelloUwp\HelloUwp.csproj", "{FC9DDD6F-739C-414D-908F-79126D2D5623}"
EndProject
Project("{FAE04EC0-301F-11D3-BF4B-00C04F79EFBC}") = "HelloDroid", "HelloDroid\HelloDroid.csproj", "{8D4539D5-4FC3-4F66-AA96-ED14792D537D}"
EndProject
Project("{FAE04EC0-301F-11D3-BF4B-00C04F79EFBC}") = "HelloIOS", "HelloIOS\HelloIOS.csproj", "{50BF5B33-7988-4771-AAF1-F15815321B3F}"
EndProject
Project("{FAE04EC0-301F-11D3-BF4B-00C04F79EFBC}") = "PartialDemo", "PartialDemo\PartialDemo.csproj", "{38242075-8F86-4AC7-BDBE-EBEBF0BE8D67}"
EndProject
Global
	GlobalSection(SolutionConfigurationPlatforms) = preSolution
		Debug|Any CPU = Debug|Any CPU
		Debug|ARM = Debug|ARM
		Debug|ARM64 = Debug|ARM64
		Debug|iPhone = Debug|iPhone
		Debug|iPhoneSimulator = Debug|iPhoneSimulator
		Debug|x64 = Debug|x64
		Debug|x86 = Debug|x86
		Release|Any CPU = Release|Any CPU
		Release|ARM = Release|ARM
		Release|ARM64 = Release|ARM64
		Release|iPhone = Release|iPhone
		Release|iPhoneSimulator = Release|iPhoneSimulator
		Release|x64 = Release|x64
		Release|x86 = Release|x86
	EndGlobalSection
	GlobalSection(ProjectConfigurationPlatforms) = postSolution
		{FC9DDD6F-739C-414D-908F-79126D2D5623}.Debug|Any CPU.ActiveCfg = Debug|x86
		{FC9DDD6F-739C-414D-908F-79126D2D5623}.Debug|ARM.ActiveCfg = Debug|ARM
		{FC9DDD6F-739C-414D-908F-79126D2D5623}.Debug|ARM.Build.0 = Debug|ARM
		{FC9DDD6F-739C-414D-908F-79126D2D5623}.Debug|ARM.Deploy.0 = Debug|ARM
		{FC9DDD6F-739C-414D-908F-79126D2D5623}.Debug|ARM64.ActiveCfg = Debug|ARM64
		{FC9DDD6F-739C-414D-908F-79126D2D5623}.Debug|ARM64.Build.0 = Debug|ARM64
		{FC9DDD6F-739C-414D-908F-79126D2D5623}.Debug|ARM64.Deploy.0 = Debug|ARM64
		{FC9DDD6F-739C-414D-908F-79126D2D5623}.Debug|iPhone.ActiveCfg = Debug|x86
		{FC9DDD6F-739C-414D-908F-79126D2D5623}.Debug|iPhoneSimulator.ActiveCfg = Debug|x86
		{FC9DDD6F-739C-414D-908F-79126D2D5623}.Debug|x64.ActiveCfg = Debug|x64
		{FC9DDD6F-739C-414D-908F-79126D2D5623}.Debug|x64.Build.0 = Debug|x64
		{FC9DDD6F-739C-414D-908F-79126D2D5623}.Debug|x64.Deploy.0 = Debug|x64
		{FC9DDD6F-739C-414D-908F-79126D2D5623}.Debug|x86.ActiveCfg = Debug|x86
		{FC9DDD6F-739C-414D-908F-79126D2D5623}.Debug|x86.Build.0 = Debug|x86
		{FC9DDD6F-739C-414D-908F-79126D2D5623}.Debug|x86.Deploy.0 = Debug|x86
		{FC9DDD6F-739C-414D-908F-79126D2D5623}.Release|Any CPU.ActiveCfg = Release|x86
		{FC9DDD6F-739C-414D-908F-79126D2D5623}.Release|ARM.ActiveCfg = Release|ARM
		{FC9DDD6F-739C-414D-908F-79126D2D5623}.Release|ARM.Build.0 = Release|ARM
		{FC9DDD6F-739C-414D-908F-79126D2D5623}.Release|ARM.Deploy.0 = Release|ARM
		{FC9DDD6F-739C-414D-908F-79126D2D5623}.Release|ARM64.ActiveCfg = Release|ARM64
		{FC9DDD6F-739C-414D-908F-79126D2D5623}.Release|ARM64.Build.0 = Release|ARM64
		{FC9DDD6F-739C-414D-908F-79126D2D5623}.Release|ARM64.Deploy.0 = Release|ARM64
		{FC9DDD6F-739C-414D-908F-79126D2D5623}.Release|iPhone.ActiveCfg = Release|x86
		{FC9DDD6F-739C-414D-908F-79126D2D5623}.Release|iPhoneSimulator.ActiveCfg = Release|x86
		{FC9DDD6F-739C-414D-908F-79126D2D5623}.Release|x64.ActiveCfg = Release|x64
		{FC9DDD6F-739C-414D-908F-79126D2D5623}.Release|x64.Build.0 = Release|x64
		{FC9DDD6F-739C-414D-908F-79126D2D5623}.Release|x64.Deploy.0 = Release|x64
		{FC9DDD6F-739C-414D-908F-79126D2D5623}.Release|x86.ActiveCfg = Release|x86
		{FC9DDD6F-739C-414D-908F-79126D2D5623}.Release|x86.Build.0 = Release|x86
		{FC9DDD6F-739C-414D-908F-79126D2D5623}.Release|x86.Deploy.0 = Release|x86
		{8D4539D5-4FC3-4F66-AA96-ED14792D537D}.Debug|Any CPU.ActiveCfg = Debug|Any CPU
		{8D4539D5-4FC3-4F66-AA96-ED14792D537D}.Debug|Any CPU.Build.0 = Debug|Any CPU
		{8D4539D5-4FC3-4F66-AA96-ED14792D537D}.Debug|Any CPU.Deploy.0 = Debug|Any CPU
		{8D4539D5-4FC3-4F66-AA96-ED14792D537D}.Debug|ARM.ActiveCfg = Debug|Any CPU
		{8D4539D5-4FC3-4F66-AA96-ED14792D537D}.Debug|ARM.Build.0 = Debug|Any CPU
		{8D4539D5-4FC3-4F66-AA96-ED14792D537D}.Debug|ARM.Deploy.0 = Debug|Any CPU
		{8D4539D5-4FC3-4F66-AA96-ED14792D537D}.Debug|ARM64.ActiveCfg = Debug|Any CPU
		{8D4539D5-4FC3-4F66-AA96-ED14792D537D}.Debug|ARM64.Build.0 = Debug|Any CPU
		{8D4539D5-4FC3-4F66-AA96-ED14792D537D}.Debug|ARM64.Deploy.0 = Debug|Any CPU
		{8D4539D5-4FC3-4F66-AA96-ED14792D537D}.Debug|iPhone.ActiveCfg = Debug|Any CPU
		{8D4539D5-4FC3-4F66-AA96-ED14792D537D}.Debug|iPhone.Build.0 = Debug|Any CPU
		{8D4539D5-4FC3-4F66-AA96-ED14792D537D}.Debug|iPhone.Deploy.0 = Debug|Any CPU
		{8D4539D5-4FC3-4F66-AA96-ED14792D537D}.Debug|iPhoneSimulator.ActiveCfg = Debug|Any CPU
		{8D4539D5-4FC3-4F66-AA96-ED14792D537D}.Debug|iPhoneSimulator.Build.0 = Debug|Any CPU
		{8D4539D5-4FC3-4F66-AA96-ED14792D537D}.Debug|iPhoneSimulator.Deploy.0 = Debug|Any CPU
		{8D4539D5-4FC3-4F66-AA96-ED14792D537D}.Debug|x64.ActiveCfg = Debug|Any CPU
		{8D4539D5-4FC3-4F66-AA96-ED14792D537D}.Debug|x64.Build.0 = Debug|Any CPU
		{8D4539D5-4FC3-4F66-AA96-ED14792D537D}.Debug|x64.Deploy.0 = Debug|Any CPU
		{8D4539D5-4FC3-4F66-AA96-ED14792D537D}.Debug|x86.ActiveCfg = Debug|Any CPU
		{8D4539D5-4FC3-4F66-AA96-ED14792D537D}.Debug|x86.Build.0 = Debug|Any CPU
		{8D4539D5-4FC3-4F66-AA96-ED14792D537D}.Debug|x86.Deploy.0 = Debug|Any CPU
		{8D4539D5-4FC3-4F66-AA96-ED14792D537D}.Release|Any CPU.ActiveCfg = Release|Any CPU
		{8D4539D5-4FC3-4F66-AA96-ED14792D537D}.Release|Any CPU.Build.0 = Release|Any CPU
		{8D4539D5-4FC3-4F66-AA96-ED14792D537D}.Release|Any CPU.Deploy.0 = Release|Any CPU
		{8D4539D5-4FC3-4F66-AA96-ED14792D537D}.Release|ARM.ActiveCfg = Release|Any CPU
		{8D4539D5-4FC3-4F66-AA96-ED14792D537D}.Release|ARM.Build.0 = Release|Any CPU
		{8D4539D5-4FC3-4F66-AA96-ED14792D537D}.Release|ARM.Deploy.0 = Release|Any CPU
		{8D4539D5-4FC3-4F66-AA96-ED14792D537D}.Release|ARM64.ActiveCfg = Release|Any CPU
		{8D4539D5-4FC3-4F66-AA96-ED14792D537D}.Release|ARM64.Build.0 = Release|Any CPU
		{8D4539D5-4FC3-4F66-AA96-ED14792D537D}.Release|ARM64.Deploy.0 = Release|Any CPU
		{8D4539D5-4FC3-4F66-AA96-ED14792D537D}.Release|iPhone.ActiveCfg = Release|Any CPU
		{8D4539D5-4FC3-4F66-AA96-ED14792D537D}.Release|iPhone.Build.0 = Release|Any CPU
		{8D4539D5-4FC3-4F66-AA96-ED14792D537D}.Release|iPhone.Deploy.0 = Release|Any CPU
		{8D4539D5-4FC3-4F66-AA96-ED14792D537D}.Release|iPhoneSimulator.ActiveCfg = Release|Any CPU
		{8D4539D5-4FC3-4F66-AA96-ED14792D537D}.Release|iPhoneSimulator.Build.0 = Release|Any CPU
		{8D4539D5-4FC3-4F66-AA96-ED14792D537D}.Release|iPhoneSimulator.Deploy.0 = Release|Any CPU
		{8D4539D5-4FC3-4F66-AA96-ED14792D537D}.Release|x64.ActiveCfg = Release|Any CPU
		{8D4539D5-4FC3-4F66-AA96-ED14792D537D}.Release|x64.Build.0 = Release|Any CPU
		{8D4539D5-4FC3-4F66-AA96-ED14792D537D}.Release|x64.Deploy.0 = Release|Any CPU
		{8D4539D5-4FC3-4F66-AA96-ED14792D537D}.Release|x86.ActiveCfg = Release|Any CPU
		{8D4539D5-4FC3-4F66-AA96-ED14792D537D}.Release|x86.Build.0 = Release|Any CPU
		{8D4539D5-4FC3-4F66-AA96-ED14792D537D}.Release|x86.Deploy.0 = Release|Any CPU
		{50BF5B33-7988-4771-AAF1-F15815321B3F}.Debug|Any CPU.ActiveCfg = Debug|iPhone
		{50BF5B33-7988-4771-AAF1-F15815321B3F}.Debug|ARM.ActiveCfg = Debug|iPhone
		{50BF5B33-7988-4771-AAF1-F15815321B3F}.Debug|ARM64.ActiveCfg = Debug|iPhone
		{50BF5B33-7988-4771-AAF1-F15815321B3F}.Debug|iPhone.ActiveCfg = Debug|iPhone
		{50BF5B33-7988-4771-AAF1-F15815321B3F}.Debug|iPhone.Build.0 = Debug|iPhone
		{50BF5B33-7988-4771-AAF1-F15815321B3F}.Debug|iPhoneSimulator.ActiveCfg = Debug|iPhoneSimulator
		{50BF5B33-7988-4771-AAF1-F15815321B3F}.Debug|iPhoneSimulator.Build.0 = Debug|iPhoneSimulator
		{50BF5B33-7988-4771-AAF1-F15815321B3F}.Debug|x64.ActiveCfg = Debug|iPhone
		{50BF5B33-7988-4771-AAF1-F15815321B3F}.Debug|x86.ActiveCfg = Debug|iPhone
		{50BF5B33-7988-4771-AAF1-F15815321B3F}.Release|Any CPU.ActiveCfg = Release|iPhone
		{50BF5B33-7988-4771-AAF1-F15815321B3F}.Release|ARM.ActiveCfg = Release|iPhone
		{50BF5B33-7988-4771-AAF1-F15815321B3F}.Release|ARM64.ActiveCfg = Release|iPhone
		{50BF5B33-7988-4771-AAF1-F15815321B3F}.Release|iPhone.ActiveCfg = Release|iPhone
		{50BF5B33-7988-4771-AAF1-F15815321B3F}.Release|iPhone.Build.0 = Release|iPhone
		{50BF5B33-7988-4771-AAF1-F15815321B3F}.Release|iPhoneSimulator.ActiveCfg = Release|iPhoneSimulator
		{50BF5B33-7988-4771-AAF1-F15815321B3F}.Release|iPhoneSimulator.Build.0 = Release|iPhoneSimulator
		{50BF5B33-7988-4771-AAF1-F15815321B3F}.Release|x64.ActiveCfg = Release|iPhone
		{50BF5B33-7988-4771-AAF1-F15815321B3F}.Release|x86.ActiveCfg = Release|iPhone
		{38242075-8F86-4AC7-BDBE-EBEBF0BE8D67}.Debug|Any CPU.ActiveCfg = Debug|Any CPU
		{38242075-8F86-4AC7-BDBE-EBEBF0BE8D67}.Debug|Any CPU.Build.0 = Debug|Any CPU
		{38242075-8F86-4AC7-BDBE-EBEBF0BE8D67}.Debug|ARM.ActiveCfg = Debug|Any CPU
		{38242075-8F86-4AC7-BDBE-EBEBF0BE8D67}.Debug|ARM.Build.0 = Debug|Any CPU
		{38242075-8F86-4AC7-BDBE-EBEBF0BE8D67}.Debug|ARM64.ActiveCfg = Debug|Any CPU
		{38242075-8F86-4AC7-BDBE-EBEBF0BE8D67}.Debug|ARM64.Build.0 = Debug|Any CPU
		{38242075-8F86-4AC7-BDBE-EBEBF0BE8D67}.Debug|iPhone.ActiveCfg = Debug|Any CPU
		{38242075-8F86-4AC7-BDBE-EBEBF0BE8D67}.Debug|iPhone.Build.0 = Debug|Any CPU
		{38242075-8F86-4AC7-BDBE-EBEBF0BE8D67}.Debug|iPhoneSimulator.ActiveCfg = Debug|Any CPU
		{38242075-8F86-4AC7-BDBE-EBEBF0BE8D67}.Debug|iPhoneSimulator.Build.0 = Debug|Any CPU
		{38242075-8F86-4AC7-BDBE-EBEBF0BE8D67}.Debug|x64.ActiveCfg = Debug|Any CPU
		{38242075-8F86-4AC7-BDBE-EBEBF0BE8D67}.Debug|x64.Build.0 = Debug|Any CPU
		{38242075-8F86-4AC7-BDBE-EBEBF0BE8D67}.Debug|x86.ActiveCfg = Debug|Any CPU
		{38242075-8F86-4AC7-BDBE-EBEBF0BE8D67}.Debug|x86.Build.0 = Debug|Any CPU
		{38242075-8F86-4AC7-BDBE-EBEBF0BE8D67}.Release|Any CPU.ActiveCfg = Release|Any CPU
		{38242075-8F86-4AC7-BDBE-EBEBF0BE8D67}.Release|Any CPU.Build.0 = Release|Any CPU
		{38242075-8F86-4AC7-BDBE-EBEBF0BE8D67}.Release|ARM.ActiveCfg = Release|Any CPU
		{38242075-8F86-4AC7-BDBE-EBEBF0BE8D67}.Release|ARM.Build.0 = Release|Any CPU
		{38242075-8F86-4AC7-BDBE-EBEBF0BE8D67}.Release|ARM64.ActiveCfg = Release|Any CPU
		{38242075-8F86-4AC7-BDBE-EBEBF0BE8D67}.Release|ARM64.Build.0 = Release|Any CPU
		{38242075-8F86-4AC7-BDBE-EBEBF0BE8D67}.Release|iPhone.ActiveCfg = Release|Any CPU
		{38242075-8F86-4AC7-BDBE-EBEBF0BE8D67}.Release|iPhone.Build.0 = Release|Any CPU
		{38242075-8F86-4AC7-BDBE-EBEBF0BE8D67}.Release|iPhoneSimulator.ActiveCfg = Release|Any CPU
		{38242075-8F86-4AC7-BDBE-EBEBF0BE8D67}.Release|iPhoneSimulator.Build.0 = Release|Any CPU
		{38242075-8F86-4AC7-BDBE-EBEBF0BE8D67}.Release|x64.ActiveCfg = Release|Any CPU
		{38242075-8F86-4AC7-BDBE-EBEBF0BE8D67}.Release|x64.Build.0 = Release|Any CPU
		{38242075-8F86-4AC7-BDBE-EBEBF0BE8D67}.Release|x86.ActiveCfg = Release|Any CPU
		{38242075-8F86-4AC7-BDBE-EBEBF0BE8D67}.Release|x86.Build.0 = Release|Any CPU
	EndGlobalSection
	GlobalSection(SolutionProperties) = preSolution
		HideSolutionNode = FALSE
	EndGlobalSection
	GlobalSection(ExtensibilityGlobals) = postSolution
		SolutionGuid = {00DD79B4-3E2D-4EBC-944C-24EA4AE31FB1}
	EndGlobalSection
EndGlobal
