
Microsoft Visual Studio Solution File, Format Version 12.00
# Visual Studio Version 16
VisualStudioVersion = 16.0.30002.166
MinimumVisualStudioVersion = 10.0.40219.1
Project("{FAE04EC0-301F-11D3-BF4B-00C04F79EFBC}") = "HelloUwp", "HelloUwp\HelloUwp.csproj", "{3792A6C5-A809-4CA5-9047-99FBED9941D1}"
EndProject
Project("{FAE04EC0-301F-11D3-BF4B-00C04F79EFBC}") = "HelloDroid", "HelloDroid\HelloDroid.csproj", "{BC1B9FDA-8FBE-4B14-8F75-C8A8BFD24D3B}"
EndProject
Project("{D954291E-2A0B-460D-934E-DC6B0785DB48}") = "HelloShared", "HelloShared\HelloShared.shproj", "{EDB0DB86-735F-489D-AEBB-9AFCE6E31D0A}"
EndProject
Project("{9A19103F-16F7-4668-BE54-9A1E7A4F7556}") = "Common", "Common\Common.csproj", "{A8E8C6AF-2E81-4F10-A24E-BC9C00D258D7}"
EndProject
Project("{FAE04EC0-301F-11D3-BF4B-00C04F79EFBC}") = "ServusIOS", "ServusIOS\ServusIOS.csproj", "{4994D552-CBC2-4B36-AE01-45095EFA5F33}"
EndProject
Global
	GlobalSection(SharedMSBuildProjectFiles) = preSolution
		HelloShared\HelloShared.projitems*{3792a6c5-a809-4ca5-9047-99fbed9941d1}*SharedItemsImports = 4
		HelloShared\HelloShared.projitems*{4994d552-cbc2-4b36-ae01-45095efa5f33}*SharedItemsImports = 4
		HelloShared\HelloShared.projitems*{bc1b9fda-8fbe-4b14-8f75-c8a8bfd24d3b}*SharedItemsImports = 4
		HelloShared\HelloShared.projitems*{edb0db86-735f-489d-aebb-9afce6e31d0a}*SharedItemsImports = 13
	EndGlobalSection
	GlobalSection(SolutionConfigurationPlatforms) = preSolution
		Debug|Any CPU = Debug|Any CPU
		Debug|ARM = Debug|ARM
		Debug|ARM64 = Debug|ARM64
		Debug|iPhone = Debug|iPhone
		Debug|iPhoneSimulator = Debug|iPhoneSimulator
		Debug|x64 = Debug|x64
		Debug|x86 = Debug|x86
		Release|Any CPU = Release|Any CPU
		Release|ARM = Release|ARM
		Release|ARM64 = Release|ARM64
		Release|iPhone = Release|iPhone
		Release|iPhoneSimulator = Release|iPhoneSimulator
		Release|x64 = Release|x64
		Release|x86 = Release|x86
	EndGlobalSection
	GlobalSection(ProjectConfigurationPlatforms) = postSolution
		{3792A6C5-A809-4CA5-9047-99FBED9941D1}.Debug|Any CPU.ActiveCfg = Debug|x86
		{3792A6C5-A809-4CA5-9047-99FBED9941D1}.Debug|ARM.ActiveCfg = Debug|ARM
		{3792A6C5-A809-4CA5-9047-99FBED9941D1}.Debug|ARM.Build.0 = Debug|ARM
		{3792A6C5-A809-4CA5-9047-99FBED9941D1}.Debug|ARM.Deploy.0 = Debug|ARM
		{3792A6C5-A809-4CA5-9047-99FBED9941D1}.Debug|ARM64.ActiveCfg = Debug|ARM64
		{3792A6C5-A809-4CA5-9047-99FBED9941D1}.Debug|ARM64.Build.0 = Debug|ARM64
		{3792A6C5-A809-4CA5-9047-99FBED9941D1}.Debug|ARM64.Deploy.0 = Debug|ARM64
		{3792A6C5-A809-4CA5-9047-99FBED9941D1}.Debug|iPhone.ActiveCfg = Debug|x86
		{3792A6C5-A809-4CA5-9047-99FBED9941D1}.Debug|iPhoneSimulator.ActiveCfg = Debug|x86
		{3792A6C5-A809-4CA5-9047-99FBED9941D1}.Debug|x64.ActiveCfg = Debug|x64
		{3792A6C5-A809-4CA5-9047-99FBED9941D1}.Debug|x64.Build.0 = Debug|x64
		{3792A6C5-A809-4CA5-9047-99FBED9941D1}.Debug|x64.Deploy.0 = Debug|x64
		{3792A6C5-A809-4CA5-9047-99FBED9941D1}.Debug|x86.ActiveCfg = Debug|x86
		{3792A6C5-A809-4CA5-9047-99FBED9941D1}.Debug|x86.Build.0 = Debug|x86
		{3792A6C5-A809-4CA5-9047-99FBED9941D1}.Debug|x86.Deploy.0 = Debug|x86
		{3792A6C5-A809-4CA5-9047-99FBED9941D1}.Release|Any CPU.ActiveCfg = Release|x86
		{3792A6C5-A809-4CA5-9047-99FBED9941D1}.Release|ARM.ActiveCfg = Release|ARM
		{3792A6C5-A809-4CA5-9047-99FBED9941D1}.Release|ARM.Build.0 = Release|ARM
		{3792A6C5-A809-4CA5-9047-99FBED9941D1}.Release|ARM.Deploy.0 = Release|ARM
		{3792A6C5-A809-4CA5-9047-99FBED9941D1}.Release|ARM64.ActiveCfg = Release|ARM64
		{3792A6C5-A809-4CA5-9047-99FBED9941D1}.Release|ARM64.Build.0 = Release|ARM64
		{3792A6C5-A809-4CA5-9047-99FBED9941D1}.Release|ARM64.Deploy.0 = Release|ARM64
		{3792A6C5-A809-4CA5-9047-99FBED9941D1}.Release|iPhone.ActiveCfg = Release|x86
		{3792A6C5-A809-4CA5-9047-99FBED9941D1}.Release|iPhoneSimulator.ActiveCfg = Release|x86
		{3792A6C5-A809-4CA5-9047-99FBED9941D1}.Release|x64.ActiveCfg = Release|x64
		{3792A6C5-A809-4CA5-9047-99FBED9941D1}.Release|x64.Build.0 = Release|x64
		{3792A6C5-A809-4CA5-9047-99FBED9941D1}.Release|x64.Deploy.0 = Release|x64
		{3792A6C5-A809-4CA5-9047-99FBED9941D1}.Release|x86.ActiveCfg = Release|x86
		{3792A6C5-A809-4CA5-9047-99FBED9941D1}.Release|x86.Build.0 = Release|x86
		{3792A6C5-A809-4CA5-9047-99FBED9941D1}.Release|x86.Deploy.0 = Release|x86
		{BC1B9FDA-8FBE-4B14-8F75-C8A8BFD24D3B}.Debug|Any CPU.ActiveCfg = Debug|Any CPU
		{BC1B9FDA-8FBE-4B14-8F75-C8A8BFD24D3B}.Debug|Any CPU.Build.0 = Debug|Any CPU
		{BC1B9FDA-8FBE-4B14-8F75-C8A8BFD24D3B}.Debug|Any CPU.Deploy.0 = Debug|Any CPU
		{BC1B9FDA-8FBE-4B14-8F75-C8A8BFD24D3B}.Debug|ARM.ActiveCfg = Debug|Any CPU
		{BC1B9FDA-8FBE-4B14-8F75-C8A8BFD24D3B}.Debug|ARM.Build.0 = Debug|Any CPU
		{BC1B9FDA-8FBE-4B14-8F75-C8A8BFD24D3B}.Debug|ARM.Deploy.0 = Debug|Any CPU
		{BC1B9FDA-8FBE-4B14-8F75-C8A8BFD24D3B}.Debug|ARM64.ActiveCfg = Debug|Any CPU
		{BC1B9FDA-8FBE-4B14-8F75-C8A8BFD24D3B}.Debug|ARM64.Build.0 = Debug|Any CPU
		{BC1B9FDA-8FBE-4B14-8F75-C8A8BFD24D3B}.Debug|ARM64.Deploy.0 = Debug|Any CPU
		{BC1B9FDA-8FBE-4B14-8F75-C8A8BFD24D3B}.Debug|iPhone.ActiveCfg = Debug|Any CPU
		{BC1B9FDA-8FBE-4B14-8F75-C8A8BFD24D3B}.Debug|iPhone.Build.0 = Debug|Any CPU
		{BC1B9FDA-8FBE-4B14-8F75-C8A8BFD24D3B}.Debug|iPhone.Deploy.0 = Debug|Any CPU
		{BC1B9FDA-8FBE-4B14-8F75-C8A8BFD24D3B}.Debug|iPhoneSimulator.ActiveCfg = Debug|Any CPU
		{BC1B9FDA-8FBE-4B14-8F75-C8A8BFD24D3B}.Debug|iPhoneSimulator.Build.0 = Debug|Any CPU
		{BC1B9FDA-8FBE-4B14-8F75-C8A8BFD24D3B}.Debug|iPhoneSimulator.Deploy.0 = Debug|Any CPU
		{BC1B9FDA-8FBE-4B14-8F75-C8A8BFD24D3B}.Debug|x64.ActiveCfg = Debug|Any CPU
		{BC1B9FDA-8FBE-4B14-8F75-C8A8BFD24D3B}.Debug|x64.Build.0 = Debug|Any CPU
		{BC1B9FDA-8FBE-4B14-8F75-C8A8BFD24D3B}.Debug|x64.Deploy.0 = Debug|Any CPU
		{BC1B9FDA-8FBE-4B14-8F75-C8A8BFD24D3B}.Debug|x86.ActiveCfg = Debug|Any CPU
		{BC1B9FDA-8FBE-4B14-8F75-C8A8BFD24D3B}.Debug|x86.Build.0 = Debug|Any CPU
		{BC1B9FDA-8FBE-4B14-8F75-C8A8BFD24D3B}.Debug|x86.Deploy.0 = Debug|Any CPU
		{BC1B9FDA-8FBE-4B14-8F75-C8A8BFD24D3B}.Release|Any CPU.ActiveCfg = Release|Any CPU
		{BC1B9FDA-8FBE-4B14-8F75-C8A8BFD24D3B}.Release|Any CPU.Build.0 = Release|Any CPU
		{BC1B9FDA-8FBE-4B14-8F75-C8A8BFD24D3B}.Release|Any CPU.Deploy.0 = Release|Any CPU
		{BC1B9FDA-8FBE-4B14-8F75-C8A8BFD24D3B}.Release|ARM.ActiveCfg = Release|Any CPU
		{BC1B9FDA-8FBE-4B14-8F75-C8A8BFD24D3B}.Release|ARM.Build.0 = Release|Any CPU
		{BC1B9FDA-8FBE-4B14-8F75-C8A8BFD24D3B}.Release|ARM.Deploy.0 = Release|Any CPU
		{BC1B9FDA-8FBE-4B14-8F75-C8A8BFD24D3B}.Release|ARM64.ActiveCfg = Release|Any CPU
		{BC1B9FDA-8FBE-4B14-8F75-C8A8BFD24D3B}.Release|ARM64.Build.0 = Release|Any CPU
		{BC1B9FDA-8FBE-4B14-8F75-C8A8BFD24D3B}.Release|ARM64.Deploy.0 = Release|Any CPU
		{BC1B9FDA-8FBE-4B14-8F75-C8A8BFD24D3B}.Release|iPhone.ActiveCfg = Release|Any CPU
		{BC1B9FDA-8FBE-4B14-8F75-C8A8BFD24D3B}.Release|iPhone.Build.0 = Release|Any CPU
		{BC1B9FDA-8FBE-4B14-8F75-C8A8BFD24D3B}.Release|iPhone.Deploy.0 = Release|Any CPU
		{BC1B9FDA-8FBE-4B14-8F75-C8A8BFD24D3B}.Release|iPhoneSimulator.ActiveCfg = Release|Any CPU
		{BC1B9FDA-8FBE-4B14-8F75-C8A8BFD24D3B}.Release|iPhoneSimulator.Build.0 = Release|Any CPU
		{BC1B9FDA-8FBE-4B14-8F75-C8A8BFD24D3B}.Release|iPhoneSimulator.Deploy.0 = Release|Any CPU
		{BC1B9FDA-8FBE-4B14-8F75-C8A8BFD24D3B}.Release|x64.ActiveCfg = Release|Any CPU
		{BC1B9FDA-8FBE-4B14-8F75-C8A8BFD24D3B}.Release|x64.Build.0 = Release|Any CPU
		{BC1B9FDA-8FBE-4B14-8F75-C8A8BFD24D3B}.Release|x64.Deploy.0 = Release|Any CPU
		{BC1B9FDA-8FBE-4B14-8F75-C8A8BFD24D3B}.Release|x86.ActiveCfg = Release|Any CPU
		{BC1B9FDA-8FBE-4B14-8F75-C8A8BFD24D3B}.Release|x86.Build.0 = Release|Any CPU
		{BC1B9FDA-8FBE-4B14-8F75-C8A8BFD24D3B}.Release|x86.Deploy.0 = Release|Any CPU
		{A8E8C6AF-2E81-4F10-A24E-BC9C00D258D7}.Debug|Any CPU.ActiveCfg = Debug|Any CPU
		{A8E8C6AF-2E81-4F10-A24E-BC9C00D258D7}.Debug|Any CPU.Build.0 = Debug|Any CPU
		{A8E8C6AF-2E81-4F10-A24E-BC9C00D258D7}.Debug|ARM.ActiveCfg = Debug|Any CPU
		{A8E8C6AF-2E81-4F10-A24E-BC9C00D258D7}.Debug|ARM.Build.0 = Debug|Any CPU
		{A8E8C6AF-2E81-4F10-A24E-BC9C00D258D7}.Debug|ARM64.ActiveCfg = Debug|Any CPU
		{A8E8C6AF-2E81-4F10-A24E-BC9C00D258D7}.Debug|ARM64.Build.0 = Debug|Any CPU
		{A8E8C6AF-2E81-4F10-A24E-BC9C00D258D7}.Debug|iPhone.ActiveCfg = Debug|Any CPU
		{A8E8C6AF-2E81-4F10-A24E-BC9C00D258D7}.Debug|iPhone.Build.0 = Debug|Any CPU
		{A8E8C6AF-2E81-4F10-A24E-BC9C00D258D7}.Debug|iPhoneSimulator.ActiveCfg = Debug|Any CPU
		{A8E8C6AF-2E81-4F10-A24E-BC9C00D258D7}.Debug|iPhoneSimulator.Build.0 = Debug|Any CPU
		{A8E8C6AF-2E81-4F10-A24E-BC9C00D258D7}.Debug|x64.ActiveCfg = Debug|Any CPU
		{A8E8C6AF-2E81-4F10-A24E-BC9C00D258D7}.Debug|x64.Build.0 = Debug|Any CPU
		{A8E8C6AF-2E81-4F10-A24E-BC9C00D258D7}.Debug|x86.ActiveCfg = Debug|Any CPU
		{A8E8C6AF-2E81-4F10-A24E-BC9C00D258D7}.Debug|x86.Build.0 = Debug|Any CPU
		{A8E8C6AF-2E81-4F10-A24E-BC9C00D258D7}.Release|Any CPU.ActiveCfg = Release|Any CPU
		{A8E8C6AF-2E81-4F10-A24E-BC9C00D258D7}.Release|Any CPU.Build.0 = Release|Any CPU
		{A8E8C6AF-2E81-4F10-A24E-BC9C00D258D7}.Release|ARM.ActiveCfg = Release|Any CPU
		{A8E8C6AF-2E81-4F10-A24E-BC9C00D258D7}.Release|ARM.Build.0 = Release|Any CPU
		{A8E8C6AF-2E81-4F10-A24E-BC9C00D258D7}.Release|ARM64.ActiveCfg = Release|Any CPU
		{A8E8C6AF-2E81-4F10-A24E-BC9C00D258D7}.Release|ARM64.Build.0 = Release|Any CPU
		{A8E8C6AF-2E81-4F10-A24E-BC9C00D258D7}.Release|iPhone.ActiveCfg = Release|Any CPU
		{A8E8C6AF-2E81-4F10-A24E-BC9C00D258D7}.Release|iPhone.Build.0 = Release|Any CPU
		{A8E8C6AF-2E81-4F10-A24E-BC9C00D258D7}.Release|iPhoneSimulator.ActiveCfg = Release|Any CPU
		{A8E8C6AF-2E81-4F10-A24E-BC9C00D258D7}.Release|iPhoneSimulator.Build.0 = Release|Any CPU
		{A8E8C6AF-2E81-4F10-A24E-BC9C00D258D7}.Release|x64.ActiveCfg = Release|Any CPU
		{A8E8C6AF-2E81-4F10-A24E-BC9C00D258D7}.Release|x64.Build.0 = Release|Any CPU
		{A8E8C6AF-2E81-4F10-A24E-BC9C00D258D7}.Release|x86.ActiveCfg = Release|Any CPU
		{A8E8C6AF-2E81-4F10-A24E-BC9C00D258D7}.Release|x86.Build.0 = Release|Any CPU
		{4994D552-CBC2-4B36-AE01-45095EFA5F33}.Debug|Any CPU.ActiveCfg = Debug|iPhone
		{4994D552-CBC2-4B36-AE01-45095EFA5F33}.Debug|ARM.ActiveCfg = Debug|iPhone
		{4994D552-CBC2-4B36-AE01-45095EFA5F33}.Debug|ARM64.ActiveCfg = Debug|iPhone
		{4994D552-CBC2-4B36-AE01-45095EFA5F33}.Debug|iPhone.ActiveCfg = Debug|iPhone
		{4994D552-CBC2-4B36-AE01-45095EFA5F33}.Debug|iPhone.Build.0 = Debug|iPhone
		{4994D552-CBC2-4B36-AE01-45095EFA5F33}.Debug|iPhoneSimulator.ActiveCfg = Debug|iPhoneSimulator
		{4994D552-CBC2-4B36-AE01-45095EFA5F33}.Debug|iPhoneSimulator.Build.0 = Debug|iPhoneSimulator
		{4994D552-CBC2-4B36-AE01-45095EFA5F33}.Debug|x64.ActiveCfg = Debug|iPhone
		{4994D552-CBC2-4B36-AE01-45095EFA5F33}.Debug|x86.ActiveCfg = Debug|iPhone
		{4994D552-CBC2-4B36-AE01-45095EFA5F33}.Release|Any CPU.ActiveCfg = Release|iPhone
		{4994D552-CBC2-4B36-AE01-45095EFA5F33}.Release|ARM.ActiveCfg = Release|iPhone
		{4994D552-CBC2-4B36-AE01-45095EFA5F33}.Release|ARM64.ActiveCfg = Release|iPhone
		{4994D552-CBC2-4B36-AE01-45095EFA5F33}.Release|iPhone.ActiveCfg = Release|iPhone
		{4994D552-CBC2-4B36-AE01-45095EFA5F33}.Release|iPhone.Build.0 = Release|iPhone
		{4994D552-CBC2-4B36-AE01-45095EFA5F33}.Release|iPhoneSimulator.ActiveCfg = Release|iPhoneSimulator
		{4994D552-CBC2-4B36-AE01-45095EFA5F33}.Release|iPhoneSimulator.Build.0 = Release|iPhoneSimulator
		{4994D552-CBC2-4B36-AE01-45095EFA5F33}.Release|x64.ActiveCfg = Release|iPhone
		{4994D552-CBC2-4B36-AE01-45095EFA5F33}.Release|x86.ActiveCfg = Release|iPhone
	EndGlobalSection
	GlobalSection(SolutionProperties) = preSolution
		HideSolutionNode = FALSE
	EndGlobalSection
	GlobalSection(ExtensibilityGlobals) = postSolution
		SolutionGuid = {DA79D462-526F-4BC4-92B6-D47DA4833062}
	EndGlobalSection
EndGlobal
