
Microsoft Visual Studio Solution File, Format Version 12.00
# Visual Studio Version 16
VisualStudioVersion = 16.0.30002.166
MinimumVisualStudioVersion = 10.0.40219.1
Project("{9A19103F-16F7-4668-BE54-9A1E7A4F7556}") = "SmartLibrary", "SmartLibrary\SmartLibrary\SmartLibrary.csproj", "{E031FF55-3388-4771-9F9F-383C1DBC6432}"
EndProject
Project("{FAE04EC0-301F-11D3-BF4B-00C04F79EFBC}") = "SmartLibrary.Android", "SmartLibrary\SmartLibrary.Android\SmartLibrary.Android.csproj", "{E2ED792E-34DD-46A1-97D5-E33F610E0316}"
EndProject
Project("{FAE04EC0-301F-11D3-BF4B-00C04F79EFBC}") = "SmartLibrary.iOS", "SmartLibrary\SmartLibrary.iOS\SmartLibrary.iOS.csproj", "{545648E6-2072-4220-8202-F9CD38E053A6}"
EndProject
Project("{FAE04EC0-301F-11D3-BF4B-00C04F79EFBC}") = "SmartLibrary.UWP", "SmartLibrary\SmartLibrary.UWP\SmartLibrary.UWP.csproj", "{869EBD5F-0642-48FD-BC14-B77C3C0553F8}"
EndProject
Project("{9A19103F-16F7-4668-BE54-9A1E7A4F7556}") = "SmartLibrary.Localization", "SmartLibrary.Localization\SmartLibrary.Localization.csproj", "{D913CCB6-AA27-4E7F-B0EE-731BE5152363}"
EndProject
Global
	GlobalSection(SolutionConfigurationPlatforms) = preSolution
		Ad-Hoc|Any CPU = Ad-Hoc|Any CPU
		Ad-Hoc|ARM = Ad-Hoc|ARM
		Ad-Hoc|iPhone = Ad-Hoc|iPhone
		Ad-Hoc|iPhoneSimulator = Ad-Hoc|iPhoneSimulator
		Ad-Hoc|x64 = Ad-Hoc|x64
		Ad-Hoc|x86 = Ad-Hoc|x86
		AppStore|Any CPU = AppStore|Any CPU
		AppStore|ARM = AppStore|ARM
		AppStore|iPhone = AppStore|iPhone
		AppStore|iPhoneSimulator = AppStore|iPhoneSimulator
		AppStore|x64 = AppStore|x64
		AppStore|x86 = AppStore|x86
		Debug|Any CPU = Debug|Any CPU
		Debug|ARM = Debug|ARM
		Debug|iPhone = Debug|iPhone
		Debug|iPhoneSimulator = Debug|iPhoneSimulator
		Debug|x64 = Debug|x64
		Debug|x86 = Debug|x86
		Release|Any CPU = Release|Any CPU
		Release|ARM = Release|ARM
		Release|iPhone = Release|iPhone
		Release|iPhoneSimulator = Release|iPhoneSimulator
		Release|x64 = Release|x64
		Release|x86 = Release|x86
	EndGlobalSection
	GlobalSection(ProjectConfigurationPlatforms) = postSolution
		{E031FF55-3388-4771-9F9F-383C1DBC6432}.Ad-Hoc|Any CPU.ActiveCfg = Debug|Any CPU
		{E031FF55-3388-4771-9F9F-383C1DBC6432}.Ad-Hoc|Any CPU.Build.0 = Debug|Any CPU
		{E031FF55-3388-4771-9F9F-383C1DBC6432}.Ad-Hoc|ARM.ActiveCfg = Debug|Any CPU
		{E031FF55-3388-4771-9F9F-383C1DBC6432}.Ad-Hoc|ARM.Build.0 = Debug|Any CPU
		{E031FF55-3388-4771-9F9F-383C1DBC6432}.Ad-Hoc|iPhone.ActiveCfg = Debug|Any CPU
		{E031FF55-3388-4771-9F9F-383C1DBC6432}.Ad-Hoc|iPhone.Build.0 = Debug|Any CPU
		{E031FF55-3388-4771-9F9F-383C1DBC6432}.Ad-Hoc|iPhoneSimulator.ActiveCfg = Debug|Any CPU
		{E031FF55-3388-4771-9F9F-383C1DBC6432}.Ad-Hoc|iPhoneSimulator.Build.0 = Debug|Any CPU
		{E031FF55-3388-4771-9F9F-383C1DBC6432}.Ad-Hoc|x64.ActiveCfg = Debug|Any CPU
		{E031FF55-3388-4771-9F9F-383C1DBC6432}.Ad-Hoc|x64.Build.0 = Debug|Any CPU
		{E031FF55-3388-4771-9F9F-383C1DBC6432}.Ad-Hoc|x86.ActiveCfg = Debug|Any CPU
		{E031FF55-3388-4771-9F9F-383C1DBC6432}.Ad-Hoc|x86.Build.0 = Debug|Any CPU
		{E031FF55-3388-4771-9F9F-383C1DBC6432}.AppStore|Any CPU.ActiveCfg = Debug|Any CPU
		{E031FF55-3388-4771-9F9F-383C1DBC6432}.AppStore|Any CPU.Build.0 = Debug|Any CPU
		{E031FF55-3388-4771-9F9F-383C1DBC6432}.AppStore|ARM.ActiveCfg = Debug|Any CPU
		{E031FF55-3388-4771-9F9F-383C1DBC6432}.AppStore|ARM.Build.0 = Debug|Any CPU
		{E031FF55-3388-4771-9F9F-383C1DBC6432}.AppStore|iPhone.ActiveCfg = Debug|Any CPU
		{E031FF55-3388-4771-9F9F-383C1DBC6432}.AppStore|iPhone.Build.0 = Debug|Any CPU
		{E031FF55-3388-4771-9F9F-383C1DBC6432}.AppStore|iPhoneSimulator.ActiveCfg = Debug|Any CPU
		{E031FF55-3388-4771-9F9F-383C1DBC6432}.AppStore|iPhoneSimulator.Build.0 = Debug|Any CPU
		{E031FF55-3388-4771-9F9F-383C1DBC6432}.AppStore|x64.ActiveCfg = Debug|Any CPU
		{E031FF55-3388-4771-9F9F-383C1DBC6432}.AppStore|x64.Build.0 = Debug|Any CPU
		{E031FF55-3388-4771-9F9F-383C1DBC6432}.AppStore|x86.ActiveCfg = Debug|Any CPU
		{E031FF55-3388-4771-9F9F-383C1DBC6432}.AppStore|x86.Build.0 = Debug|Any CPU
		{E031FF55-3388-4771-9F9F-383C1DBC6432}.Debug|Any CPU.ActiveCfg = Debug|Any CPU
		{E031FF55-3388-4771-9F9F-383C1DBC6432}.Debug|Any CPU.Build.0 = Debug|Any CPU
		{E031FF55-3388-4771-9F9F-383C1DBC6432}.Debug|ARM.ActiveCfg = Debug|Any CPU
		{E031FF55-3388-4771-9F9F-383C1DBC6432}.Debug|ARM.Build.0 = Debug|Any CPU
		{E031FF55-3388-4771-9F9F-383C1DBC6432}.Debug|iPhone.ActiveCfg = Debug|Any CPU
		{E031FF55-3388-4771-9F9F-383C1DBC6432}.Debug|iPhone.Build.0 = Debug|Any CPU
		{E031FF55-3388-4771-9F9F-383C1DBC6432}.Debug|iPhoneSimulator.ActiveCfg = Debug|Any CPU
		{E031FF55-3388-4771-9F9F-383C1DBC6432}.Debug|iPhoneSimulator.Build.0 = Debug|Any CPU
		{E031FF55-3388-4771-9F9F-383C1DBC6432}.Debug|x64.ActiveCfg = Debug|Any CPU
		{E031FF55-3388-4771-9F9F-383C1DBC6432}.Debug|x64.Build.0 = Debug|Any CPU
		{E031FF55-3388-4771-9F9F-383C1DBC6432}.Debug|x86.ActiveCfg = Debug|Any CPU
		{E031FF55-3388-4771-9F9F-383C1DBC6432}.Debug|x86.Build.0 = Debug|Any CPU
		{E031FF55-3388-4771-9F9F-383C1DBC6432}.Release|Any CPU.ActiveCfg = Release|Any CPU
		{E031FF55-3388-4771-9F9F-383C1DBC6432}.Release|Any CPU.Build.0 = Release|Any CPU
		{E031FF55-3388-4771-9F9F-383C1DBC6432}.Release|ARM.ActiveCfg = Release|Any CPU
		{E031FF55-3388-4771-9F9F-383C1DBC6432}.Release|ARM.Build.0 = Release|Any CPU
		{E031FF55-3388-4771-9F9F-383C1DBC6432}.Release|iPhone.ActiveCfg = Release|Any CPU
		{E031FF55-3388-4771-9F9F-383C1DBC6432}.Release|iPhone.Build.0 = Release|Any CPU
		{E031FF55-3388-4771-9F9F-383C1DBC6432}.Release|iPhoneSimulator.ActiveCfg = Release|Any CPU
		{E031FF55-3388-4771-9F9F-383C1DBC6432}.Release|iPhoneSimulator.Build.0 = Release|Any CPU
		{E031FF55-3388-4771-9F9F-383C1DBC6432}.Release|x64.ActiveCfg = Release|Any CPU
		{E031FF55-3388-4771-9F9F-383C1DBC6432}.Release|x64.Build.0 = Release|Any CPU
		{E031FF55-3388-4771-9F9F-383C1DBC6432}.Release|x86.ActiveCfg = Release|Any CPU
		{E031FF55-3388-4771-9F9F-383C1DBC6432}.Release|x86.Build.0 = Release|Any CPU
		{E2ED792E-34DD-46A1-97D5-E33F610E0316}.Ad-Hoc|Any CPU.ActiveCfg = Release|Any CPU
		{E2ED792E-34DD-46A1-97D5-E33F610E0316}.Ad-Hoc|Any CPU.Build.0 = Release|Any CPU
		{E2ED792E-34DD-46A1-97D5-E33F610E0316}.Ad-Hoc|Any CPU.Deploy.0 = Release|Any CPU
		{E2ED792E-34DD-46A1-97D5-E33F610E0316}.Ad-Hoc|ARM.ActiveCfg = Release|Any CPU
		{E2ED792E-34DD-46A1-97D5-E33F610E0316}.Ad-Hoc|ARM.Build.0 = Release|Any CPU
		{E2ED792E-34DD-46A1-97D5-E33F610E0316}.Ad-Hoc|ARM.Deploy.0 = Release|Any CPU
		{E2ED792E-34DD-46A1-97D5-E33F610E0316}.Ad-Hoc|iPhone.ActiveCfg = Release|Any CPU
		{E2ED792E-34DD-46A1-97D5-E33F610E0316}.Ad-Hoc|iPhone.Build.0 = Release|Any CPU
		{E2ED792E-34DD-46A1-97D5-E33F610E0316}.Ad-Hoc|iPhone.Deploy.0 = Release|Any CPU
		{E2ED792E-34DD-46A1-97D5-E33F610E0316}.Ad-Hoc|iPhoneSimulator.ActiveCfg = Release|Any CPU
		{E2ED792E-34DD-46A1-97D5-E33F610E0316}.Ad-Hoc|iPhoneSimulator.Build.0 = Release|Any CPU
		{E2ED792E-34DD-46A1-97D5-E33F610E0316}.Ad-Hoc|iPhoneSimulator.Deploy.0 = Release|Any CPU
		{E2ED792E-34DD-46A1-97D5-E33F610E0316}.Ad-Hoc|x64.ActiveCfg = Release|Any CPU
		{E2ED792E-34DD-46A1-97D5-E33F610E0316}.Ad-Hoc|x64.Build.0 = Release|Any CPU
		{E2ED792E-34DD-46A1-97D5-E33F610E0316}.Ad-Hoc|x64.Deploy.0 = Release|Any CPU
		{E2ED792E-34DD-46A1-97D5-E33F610E0316}.Ad-Hoc|x86.ActiveCfg = Release|Any CPU
		{E2ED792E-34DD-46A1-97D5-E33F610E0316}.Ad-Hoc|x86.Build.0 = Release|Any CPU
		{E2ED792E-34DD-46A1-97D5-E33F610E0316}.Ad-Hoc|x86.Deploy.0 = Release|Any CPU
		{E2ED792E-34DD-46A1-97D5-E33F610E0316}.AppStore|Any CPU.ActiveCfg = Release|Any CPU
		{E2ED792E-34DD-46A1-97D5-E33F610E0316}.AppStore|Any CPU.Build.0 = Release|Any CPU
		{E2ED792E-34DD-46A1-97D5-E33F610E0316}.AppStore|Any CPU.Deploy.0 = Release|Any CPU
		{E2ED792E-34DD-46A1-97D5-E33F610E0316}.AppStore|ARM.ActiveCfg = Release|Any CPU
		{E2ED792E-34DD-46A1-97D5-E33F610E0316}.AppStore|ARM.Build.0 = Release|Any CPU
		{E2ED792E-34DD-46A1-97D5-E33F610E0316}.AppStore|ARM.Deploy.0 = Release|Any CPU
		{E2ED792E-34DD-46A1-97D5-E33F610E0316}.AppStore|iPhone.ActiveCfg = Release|Any CPU
		{E2ED792E-34DD-46A1-97D5-E33F610E0316}.AppStore|iPhone.Build.0 = Release|Any CPU
		{E2ED792E-34DD-46A1-97D5-E33F610E0316}.AppStore|iPhone.Deploy.0 = Release|Any CPU
		{E2ED792E-34DD-46A1-97D5-E33F610E0316}.AppStore|iPhoneSimulator.ActiveCfg = Release|Any CPU
		{E2ED792E-34DD-46A1-97D5-E33F610E0316}.AppStore|iPhoneSimulator.Build.0 = Release|Any CPU
		{E2ED792E-34DD-46A1-97D5-E33F610E0316}.AppStore|iPhoneSimulator.Deploy.0 = Release|Any CPU
		{E2ED792E-34DD-46A1-97D5-E33F610E0316}.AppStore|x64.ActiveCfg = Release|Any CPU
		{E2ED792E-34DD-46A1-97D5-E33F610E0316}.AppStore|x64.Build.0 = Release|Any CPU
		{E2ED792E-34DD-46A1-97D5-E33F610E0316}.AppStore|x64.Deploy.0 = Release|Any CPU
		{E2ED792E-34DD-46A1-97D5-E33F610E0316}.AppStore|x86.ActiveCfg = Release|Any CPU
		{E2ED792E-34DD-46A1-97D5-E33F610E0316}.AppStore|x86.Build.0 = Release|Any CPU
		{E2ED792E-34DD-46A1-97D5-E33F610E0316}.AppStore|x86.Deploy.0 = Release|Any CPU
		{E2ED792E-34DD-46A1-97D5-E33F610E0316}.Debug|Any CPU.ActiveCfg = Debug|Any CPU
		{E2ED792E-34DD-46A1-97D5-E33F610E0316}.Debug|Any CPU.Build.0 = Debug|Any CPU
		{E2ED792E-34DD-46A1-97D5-E33F610E0316}.Debug|Any CPU.Deploy.0 = Debug|Any CPU
		{E2ED792E-34DD-46A1-97D5-E33F610E0316}.Debug|ARM.ActiveCfg = Debug|Any CPU
		{E2ED792E-34DD-46A1-97D5-E33F610E0316}.Debug|ARM.Build.0 = Debug|Any CPU
		{E2ED792E-34DD-46A1-97D5-E33F610E0316}.Debug|ARM.Deploy.0 = Debug|Any CPU
		{E2ED792E-34DD-46A1-97D5-E33F610E0316}.Debug|iPhone.ActiveCfg = Debug|Any CPU
		{E2ED792E-34DD-46A1-97D5-E33F610E0316}.Debug|iPhone.Build.0 = Debug|Any CPU
		{E2ED792E-34DD-46A1-97D5-E33F610E0316}.Debug|iPhone.Deploy.0 = Debug|Any CPU
		{E2ED792E-34DD-46A1-97D5-E33F610E0316}.Debug|iPhoneSimulator.ActiveCfg = Debug|Any CPU
		{E2ED792E-34DD-46A1-97D5-E33F610E0316}.Debug|iPhoneSimulator.Build.0 = Debug|Any CPU
		{E2ED792E-34DD-46A1-97D5-E33F610E0316}.Debug|iPhoneSimulator.Deploy.0 = Debug|Any CPU
		{E2ED792E-34DD-46A1-97D5-E33F610E0316}.Debug|x64.ActiveCfg = Debug|Any CPU
		{E2ED792E-34DD-46A1-97D5-E33F610E0316}.Debug|x64.Build.0 = Debug|Any CPU
		{E2ED792E-34DD-46A1-97D5-E33F610E0316}.Debug|x64.Deploy.0 = Debug|Any CPU
		{E2ED792E-34DD-46A1-97D5-E33F610E0316}.Debug|x86.ActiveCfg = Debug|Any CPU
		{E2ED792E-34DD-46A1-97D5-E33F610E0316}.Debug|x86.Build.0 = Debug|Any CPU
		{E2ED792E-34DD-46A1-97D5-E33F610E0316}.Debug|x86.Deploy.0 = Debug|Any CPU
		{E2ED792E-34DD-46A1-97D5-E33F610E0316}.Release|Any CPU.ActiveCfg = Release|Any CPU
		{E2ED792E-34DD-46A1-97D5-E33F610E0316}.Release|Any CPU.Build.0 = Release|Any CPU
		{E2ED792E-34DD-46A1-97D5-E33F610E0316}.Release|Any CPU.Deploy.0 = Release|Any CPU
		{E2ED792E-34DD-46A1-97D5-E33F610E0316}.Release|ARM.ActiveCfg = Release|Any CPU
		{E2ED792E-34DD-46A1-97D5-E33F610E0316}.Release|ARM.Build.0 = Release|Any CPU
		{E2ED792E-34DD-46A1-97D5-E33F610E0316}.Release|ARM.Deploy.0 = Release|Any CPU
		{E2ED792E-34DD-46A1-97D5-E33F610E0316}.Release|iPhone.ActiveCfg = Release|Any CPU
		{E2ED792E-34DD-46A1-97D5-E33F610E0316}.Release|iPhone.Build.0 = Release|Any CPU
		{E2ED792E-34DD-46A1-97D5-E33F610E0316}.Release|iPhone.Deploy.0 = Release|Any CPU
		{E2ED792E-34DD-46A1-97D5-E33F610E0316}.Release|iPhoneSimulator.ActiveCfg = Release|Any CPU
		{E2ED792E-34DD-46A1-97D5-E33F610E0316}.Release|iPhoneSimulator.Build.0 = Release|Any CPU
		{E2ED792E-34DD-46A1-97D5-E33F610E0316}.Release|iPhoneSimulator.Deploy.0 = Release|Any CPU
		{E2ED792E-34DD-46A1-97D5-E33F610E0316}.Release|x64.ActiveCfg = Release|Any CPU
		{E2ED792E-34DD-46A1-97D5-E33F610E0316}.Release|x64.Build.0 = Release|Any CPU
		{E2ED792E-34DD-46A1-97D5-E33F610E0316}.Release|x64.Deploy.0 = Release|Any CPU
		{E2ED792E-34DD-46A1-97D5-E33F610E0316}.Release|x86.ActiveCfg = Release|Any CPU
		{E2ED792E-34DD-46A1-97D5-E33F610E0316}.Release|x86.Build.0 = Release|Any CPU
		{E2ED792E-34DD-46A1-97D5-E33F610E0316}.Release|x86.Deploy.0 = Release|Any CPU
		{545648E6-2072-4220-8202-F9CD38E053A6}.Ad-Hoc|Any CPU.ActiveCfg = Ad-Hoc|iPhone
		{545648E6-2072-4220-8202-F9CD38E053A6}.Ad-Hoc|ARM.ActiveCfg = Ad-Hoc|iPhone
		{545648E6-2072-4220-8202-F9CD38E053A6}.Ad-Hoc|iPhone.ActiveCfg = Ad-Hoc|iPhone
		{545648E6-2072-4220-8202-F9CD38E053A6}.Ad-Hoc|iPhone.Build.0 = Ad-Hoc|iPhone
		{545648E6-2072-4220-8202-F9CD38E053A6}.Ad-Hoc|iPhoneSimulator.ActiveCfg = Ad-Hoc|iPhoneSimulator
		{545648E6-2072-4220-8202-F9CD38E053A6}.Ad-Hoc|iPhoneSimulator.Build.0 = Ad-Hoc|iPhoneSimulator
		{545648E6-2072-4220-8202-F9CD38E053A6}.Ad-Hoc|x64.ActiveCfg = Ad-Hoc|iPhone
		{545648E6-2072-4220-8202-F9CD38E053A6}.Ad-Hoc|x86.ActiveCfg = Ad-Hoc|iPhone
		{545648E6-2072-4220-8202-F9CD38E053A6}.AppStore|Any CPU.ActiveCfg = AppStore|iPhone
		{545648E6-2072-4220-8202-F9CD38E053A6}.AppStore|ARM.ActiveCfg = AppStore|iPhone
		{545648E6-2072-4220-8202-F9CD38E053A6}.AppStore|iPhone.ActiveCfg = AppStore|iPhone
		{545648E6-2072-4220-8202-F9CD38E053A6}.AppStore|iPhone.Build.0 = AppStore|iPhone
		{545648E6-2072-4220-8202-F9CD38E053A6}.AppStore|iPhoneSimulator.ActiveCfg = AppStore|iPhoneSimulator
		{545648E6-2072-4220-8202-F9CD38E053A6}.AppStore|iPhoneSimulator.Build.0 = AppStore|iPhoneSimulator
		{545648E6-2072-4220-8202-F9CD38E053A6}.AppStore|x64.ActiveCfg = AppStore|iPhone
		{545648E6-2072-4220-8202-F9CD38E053A6}.AppStore|x86.ActiveCfg = AppStore|iPhone
		{545648E6-2072-4220-8202-F9CD38E053A6}.Debug|Any CPU.ActiveCfg = Debug|iPhone
		{545648E6-2072-4220-8202-F9CD38E053A6}.Debug|ARM.ActiveCfg = Debug|iPhone
		{545648E6-2072-4220-8202-F9CD38E053A6}.Debug|iPhone.ActiveCfg = Debug|iPhoneSimulator
		{545648E6-2072-4220-8202-F9CD38E053A6}.Debug|iPhone.Build.0 = Debug|iPhoneSimulator
		{545648E6-2072-4220-8202-F9CD38E053A6}.Debug|iPhone.Deploy.0 = Debug|iPhoneSimulator
		{545648E6-2072-4220-8202-F9CD38E053A6}.Debug|iPhoneSimulator.ActiveCfg = Debug|iPhoneSimulator
		{545648E6-2072-4220-8202-F9CD38E053A6}.Debug|iPhoneSimulator.Build.0 = Debug|iPhoneSimulator
		{545648E6-2072-4220-8202-F9CD38E053A6}.Debug|x64.ActiveCfg = Debug|iPhone
		{545648E6-2072-4220-8202-F9CD38E053A6}.Debug|x86.ActiveCfg = Debug|iPhone
		{545648E6-2072-4220-8202-F9CD38E053A6}.Release|Any CPU.ActiveCfg = Release|iPhone
		{545648E6-2072-4220-8202-F9CD38E053A6}.Release|ARM.ActiveCfg = Release|iPhone
		{545648E6-2072-4220-8202-F9CD38E053A6}.Release|iPhone.ActiveCfg = Release|iPhone
		{545648E6-2072-4220-8202-F9CD38E053A6}.Release|iPhone.Build.0 = Release|iPhone
		{545648E6-2072-4220-8202-F9CD38E053A6}.Release|iPhoneSimulator.ActiveCfg = Release|iPhoneSimulator
		{545648E6-2072-4220-8202-F9CD38E053A6}.Release|iPhoneSimulator.Build.0 = Release|iPhoneSimulator
		{545648E6-2072-4220-8202-F9CD38E053A6}.Release|x64.ActiveCfg = Release|iPhone
		{545648E6-2072-4220-8202-F9CD38E053A6}.Release|x86.ActiveCfg = Release|iPhone
		{869EBD5F-0642-48FD-BC14-B77C3C0553F8}.Ad-Hoc|Any CPU.ActiveCfg = Release|x86
		{869EBD5F-0642-48FD-BC14-B77C3C0553F8}.Ad-Hoc|Any CPU.Build.0 = Release|x86
		{869EBD5F-0642-48FD-BC14-B77C3C0553F8}.Ad-Hoc|Any CPU.Deploy.0 = Release|x86
		{869EBD5F-0642-48FD-BC14-B77C3C0553F8}.Ad-Hoc|ARM.ActiveCfg = Release|ARM
		{869EBD5F-0642-48FD-BC14-B77C3C0553F8}.Ad-Hoc|ARM.Build.0 = Release|ARM
		{869EBD5F-0642-48FD-BC14-B77C3C0553F8}.Ad-Hoc|ARM.Deploy.0 = Release|ARM
		{869EBD5F-0642-48FD-BC14-B77C3C0553F8}.Ad-Hoc|iPhone.ActiveCfg = Release|x86
		{869EBD5F-0642-48FD-BC14-B77C3C0553F8}.Ad-Hoc|iPhone.Build.0 = Release|x86
		{869EBD5F-0642-48FD-BC14-B77C3C0553F8}.Ad-Hoc|iPhone.Deploy.0 = Release|x86
		{869EBD5F-0642-48FD-BC14-B77C3C0553F8}.Ad-Hoc|iPhoneSimulator.ActiveCfg = Release|x86
		{869EBD5F-0642-48FD-BC14-B77C3C0553F8}.Ad-Hoc|iPhoneSimulator.Build.0 = Release|x86
		{869EBD5F-0642-48FD-BC14-B77C3C0553F8}.Ad-Hoc|iPhoneSimulator.Deploy.0 = Release|x86
		{869EBD5F-0642-48FD-BC14-B77C3C0553F8}.Ad-Hoc|x64.ActiveCfg = Release|x64
		{869EBD5F-0642-48FD-BC14-B77C3C0553F8}.Ad-Hoc|x64.Build.0 = Release|x64
		{869EBD5F-0642-48FD-BC14-B77C3C0553F8}.Ad-Hoc|x64.Deploy.0 = Release|x64
		{869EBD5F-0642-48FD-BC14-B77C3C0553F8}.Ad-Hoc|x86.ActiveCfg = Release|x86
		{869EBD5F-0642-48FD-BC14-B77C3C0553F8}.Ad-Hoc|x86.Build.0 = Release|x86
		{869EBD5F-0642-48FD-BC14-B77C3C0553F8}.Ad-Hoc|x86.Deploy.0 = Release|x86
		{869EBD5F-0642-48FD-BC14-B77C3C0553F8}.AppStore|Any CPU.ActiveCfg = Release|x86
		{869EBD5F-0642-48FD-BC14-B77C3C0553F8}.AppStore|Any CPU.Build.0 = Release|x86
		{869EBD5F-0642-48FD-BC14-B77C3C0553F8}.AppStore|Any CPU.Deploy.0 = Release|x86
		{869EBD5F-0642-48FD-BC14-B77C3C0553F8}.AppStore|ARM.ActiveCfg = Release|ARM
		{869EBD5F-0642-48FD-BC14-B77C3C0553F8}.AppStore|ARM.Build.0 = Release|ARM
		{869EBD5F-0642-48FD-BC14-B77C3C0553F8}.AppStore|ARM.Deploy.0 = Release|ARM
		{869EBD5F-0642-48FD-BC14-B77C3C0553F8}.AppStore|iPhone.ActiveCfg = Release|x86
		{869EBD5F-0642-48FD-BC14-B77C3C0553F8}.AppStore|iPhone.Build.0 = Release|x86
		{869EBD5F-0642-48FD-BC14-B77C3C0553F8}.AppStore|iPhone.Deploy.0 = Release|x86
		{869EBD5F-0642-48FD-BC14-B77C3C0553F8}.AppStore|iPhoneSimulator.ActiveCfg = Release|x86
		{869EBD5F-0642-48FD-BC14-B77C3C0553F8}.AppStore|iPhoneSimulator.Build.0 = Release|x86
		{869EBD5F-0642-48FD-BC14-B77C3C0553F8}.AppStore|iPhoneSimulator.Deploy.0 = Release|x86
		{869EBD5F-0642-48FD-BC14-B77C3C0553F8}.AppStore|x64.ActiveCfg = Release|x64
		{869EBD5F-0642-48FD-BC14-B77C3C0553F8}.AppStore|x64.Build.0 = Release|x64
		{869EBD5F-0642-48FD-BC14-B77C3C0553F8}.AppStore|x64.Deploy.0 = Release|x64
		{869EBD5F-0642-48FD-BC14-B77C3C0553F8}.AppStore|x86.ActiveCfg = Release|x86
		{869EBD5F-0642-48FD-BC14-B77C3C0553F8}.AppStore|x86.Build.0 = Release|x86
		{869EBD5F-0642-48FD-BC14-B77C3C0553F8}.AppStore|x86.Deploy.0 = Release|x86
		{869EBD5F-0642-48FD-BC14-B77C3C0553F8}.Debug|Any CPU.ActiveCfg = Debug|x86
		{869EBD5F-0642-48FD-BC14-B77C3C0553F8}.Debug|ARM.ActiveCfg = Debug|ARM
		{869EBD5F-0642-48FD-BC14-B77C3C0553F8}.Debug|ARM.Build.0 = Debug|ARM
		{869EBD5F-0642-48FD-BC14-B77C3C0553F8}.Debug|ARM.Deploy.0 = Debug|ARM
		{869EBD5F-0642-48FD-BC14-B77C3C0553F8}.Debug|iPhone.ActiveCfg = Debug|x86
		{869EBD5F-0642-48FD-BC14-B77C3C0553F8}.Debug|iPhoneSimulator.ActiveCfg = Debug|x86
		{869EBD5F-0642-48FD-BC14-B77C3C0553F8}.Debug|x64.ActiveCfg = Debug|x64
		{869EBD5F-0642-48FD-BC14-B77C3C0553F8}.Debug|x64.Build.0 = Debug|x64
		{869EBD5F-0642-48FD-BC14-B77C3C0553F8}.Debug|x64.Deploy.0 = Debug|x64
		{869EBD5F-0642-48FD-BC14-B77C3C0553F8}.Debug|x86.ActiveCfg = Debug|x86
		{869EBD5F-0642-48FD-BC14-B77C3C0553F8}.Debug|x86.Build.0 = Debug|x86
		{869EBD5F-0642-48FD-BC14-B77C3C0553F8}.Debug|x86.Deploy.0 = Debug|x86
		{869EBD5F-0642-48FD-BC14-B77C3C0553F8}.Release|Any CPU.ActiveCfg = Release|x86
		{869EBD5F-0642-48FD-BC14-B77C3C0553F8}.Release|ARM.ActiveCfg = Release|ARM
		{869EBD5F-0642-48FD-BC14-B77C3C0553F8}.Release|ARM.Build.0 = Release|ARM
		{869EBD5F-0642-48FD-BC14-B77C3C0553F8}.Release|ARM.Deploy.0 = Release|ARM
		{869EBD5F-0642-48FD-BC14-B77C3C0553F8}.Release|iPhone.ActiveCfg = Release|x86
		{869EBD5F-0642-48FD-BC14-B77C3C0553F8}.Release|iPhoneSimulator.ActiveCfg = Release|x86
		{869EBD5F-0642-48FD-BC14-B77C3C0553F8}.Release|x64.ActiveCfg = Release|x64
		{869EBD5F-0642-48FD-BC14-B77C3C0553F8}.Release|x64.Build.0 = Release|x64
		{869EBD5F-0642-48FD-BC14-B77C3C0553F8}.Release|x64.Deploy.0 = Release|x64
		{869EBD5F-0642-48FD-BC14-B77C3C0553F8}.Release|x86.ActiveCfg = Release|x86
		{869EBD5F-0642-48FD-BC14-B77C3C0553F8}.Release|x86.Build.0 = Release|x86
		{869EBD5F-0642-48FD-BC14-B77C3C0553F8}.Release|x86.Deploy.0 = Release|x86
		{D913CCB6-AA27-4E7F-B0EE-731BE5152363}.Ad-Hoc|Any CPU.ActiveCfg = Debug|Any CPU
		{D913CCB6-AA27-4E7F-B0EE-731BE5152363}.Ad-Hoc|Any CPU.Build.0 = Debug|Any CPU
		{D913CCB6-AA27-4E7F-B0EE-731BE5152363}.Ad-Hoc|ARM.ActiveCfg = Debug|Any CPU
		{D913CCB6-AA27-4E7F-B0EE-731BE5152363}.Ad-Hoc|ARM.Build.0 = Debug|Any CPU
		{D913CCB6-AA27-4E7F-B0EE-731BE5152363}.Ad-Hoc|iPhone.ActiveCfg = Debug|Any CPU
		{D913CCB6-AA27-4E7F-B0EE-731BE5152363}.Ad-Hoc|iPhone.Build.0 = Debug|Any CPU
		{D913CCB6-AA27-4E7F-B0EE-731BE5152363}.Ad-Hoc|iPhoneSimulator.ActiveCfg = Debug|Any CPU
		{D913CCB6-AA27-4E7F-B0EE-731BE5152363}.Ad-Hoc|iPhoneSimulator.Build.0 = Debug|Any CPU
		{D913CCB6-AA27-4E7F-B0EE-731BE5152363}.Ad-Hoc|x64.ActiveCfg = Debug|Any CPU
		{D913CCB6-AA27-4E7F-B0EE-731BE5152363}.Ad-Hoc|x64.Build.0 = Debug|Any CPU
		{D913CCB6-AA27-4E7F-B0EE-731BE5152363}.Ad-Hoc|x86.ActiveCfg = Debug|Any CPU
		{D913CCB6-AA27-4E7F-B0EE-731BE5152363}.Ad-Hoc|x86.Build.0 = Debug|Any CPU
		{D913CCB6-AA27-4E7F-B0EE-731BE5152363}.AppStore|Any CPU.ActiveCfg = Debug|Any CPU
		{D913CCB6-AA27-4E7F-B0EE-731BE5152363}.AppStore|Any CPU.Build.0 = Debug|Any CPU
		{D913CCB6-AA27-4E7F-B0EE-731BE5152363}.AppStore|ARM.ActiveCfg = Debug|Any CPU
		{D913CCB6-AA27-4E7F-B0EE-731BE5152363}.AppStore|ARM.Build.0 = Debug|Any CPU
		{D913CCB6-AA27-4E7F-B0EE-731BE5152363}.AppStore|iPhone.ActiveCfg = Debug|Any CPU
		{D913CCB6-AA27-4E7F-B0EE-731BE5152363}.AppStore|iPhone.Build.0 = Debug|Any CPU
		{D913CCB6-AA27-4E7F-B0EE-731BE5152363}.AppStore|iPhoneSimulator.ActiveCfg = Debug|Any CPU
		{D913CCB6-AA27-4E7F-B0EE-731BE5152363}.AppStore|iPhoneSimulator.Build.0 = Debug|Any CPU
		{D913CCB6-AA27-4E7F-B0EE-731BE5152363}.AppStore|x64.ActiveCfg = Debug|Any CPU
		{D913CCB6-AA27-4E7F-B0EE-731BE5152363}.AppStore|x64.Build.0 = Debug|Any CPU
		{D913CCB6-AA27-4E7F-B0EE-731BE5152363}.AppStore|x86.ActiveCfg = Debug|Any CPU
		{D913CCB6-AA27-4E7F-B0EE-731BE5152363}.AppStore|x86.Build.0 = Debug|Any CPU
		{D913CCB6-AA27-4E7F-B0EE-731BE5152363}.Debug|Any CPU.ActiveCfg = Debug|Any CPU
		{D913CCB6-AA27-4E7F-B0EE-731BE5152363}.Debug|Any CPU.Build.0 = Debug|Any CPU
		{D913CCB6-AA27-4E7F-B0EE-731BE5152363}.Debug|ARM.ActiveCfg = Debug|Any CPU
		{D913CCB6-AA27-4E7F-B0EE-731BE5152363}.Debug|ARM.Build.0 = Debug|Any CPU
		{D913CCB6-AA27-4E7F-B0EE-731BE5152363}.Debug|iPhone.ActiveCfg = Debug|Any CPU
		{D913CCB6-AA27-4E7F-B0EE-731BE5152363}.Debug|iPhone.Build.0 = Debug|Any CPU
		{D913CCB6-AA27-4E7F-B0EE-731BE5152363}.Debug|iPhoneSimulator.ActiveCfg = Debug|Any CPU
		{D913CCB6-AA27-4E7F-B0EE-731BE5152363}.Debug|iPhoneSimulator.Build.0 = Debug|Any CPU
		{D913CCB6-AA27-4E7F-B0EE-731BE5152363}.Debug|x64.ActiveCfg = Debug|Any CPU
		{D913CCB6-AA27-4E7F-B0EE-731BE5152363}.Debug|x64.Build.0 = Debug|Any CPU
		{D913CCB6-AA27-4E7F-B0EE-731BE5152363}.Debug|x86.ActiveCfg = Debug|Any CPU
		{D913CCB6-AA27-4E7F-B0EE-731BE5152363}.Debug|x86.Build.0 = Debug|Any CPU
		{D913CCB6-AA27-4E7F-B0EE-731BE5152363}.Release|Any CPU.ActiveCfg = Release|Any CPU
		{D913CCB6-AA27-4E7F-B0EE-731BE5152363}.Release|Any CPU.Build.0 = Release|Any CPU
		{D913CCB6-AA27-4E7F-B0EE-731BE5152363}.Release|ARM.ActiveCfg = Release|Any CPU
		{D913CCB6-AA27-4E7F-B0EE-731BE5152363}.Release|ARM.Build.0 = Release|Any CPU
		{D913CCB6-AA27-4E7F-B0EE-731BE5152363}.Release|iPhone.ActiveCfg = Release|Any CPU
		{D913CCB6-AA27-4E7F-B0EE-731BE5152363}.Release|iPhone.Build.0 = Release|Any CPU
		{D913CCB6-AA27-4E7F-B0EE-731BE5152363}.Release|iPhoneSimulator.ActiveCfg = Release|Any CPU
		{D913CCB6-AA27-4E7F-B0EE-731BE5152363}.Release|iPhoneSimulator.Build.0 = Release|Any CPU
		{D913CCB6-AA27-4E7F-B0EE-731BE5152363}.Release|x64.ActiveCfg = Release|Any CPU
		{D913CCB6-AA27-4E7F-B0EE-731BE5152363}.Release|x64.Build.0 = Release|Any CPU
		{D913CCB6-AA27-4E7F-B0EE-731BE5152363}.Release|x86.ActiveCfg = Release|Any CPU
		{D913CCB6-AA27-4E7F-B0EE-731BE5152363}.Release|x86.Build.0 = Release|Any CPU
	EndGlobalSection
	GlobalSection(SolutionProperties) = preSolution
		HideSolutionNode = FALSE
	EndGlobalSection
	GlobalSection(ExtensibilityGlobals) = postSolution
		SolutionGuid = {F9A833B6-4A7B-4172-AEE5-26EC7AD4BCAB}
	EndGlobalSection
EndGlobal
