
Microsoft Visual Studio Solution File, Format Version 12.00
# Visual Studio Version 16
VisualStudioVersion = 16.0.29806.167
MinimumVisualStudioVersion = 10.0.40219.1
Project("{FAE04EC0-301F-11D3-BF4B-00C04F79EFBC}") = "HelloPrism", "HelloPrism\HelloPrism\HelloPrism.csproj", "{F8F70B22-824A-416D-852C-FEE42CE2665B}"
EndProject
Project("{FAE04EC0-301F-11D3-BF4B-00C04F79EFBC}") = "HelloPrism.Android", "HelloPrism\HelloPrism.Android\HelloPrism.Android.csproj", "{EA4CC092-93ED-4F41-9084-8AD9832DF015}"
EndProject
Project("{FAE04EC0-301F-11D3-BF4B-00C04F79EFBC}") = "HelloPrism.iOS", "HelloPrism\HelloPrism.iOS\HelloPrism.iOS.csproj", "{C9587D5F-C60D-47A7-9EEC-CB3DA29A26AD}"
EndProject
Project("{FAE04EC0-301F-11D3-BF4B-00C04F79EFBC}") = "HelloPrism.UWP", "HelloPrism\HelloPrism.UWP\HelloPrism.UWP.csproj", "{7F9ABD2C-C96A-442E-9BE6-5D78D87C95A7}"
EndProject
Global
	GlobalSection(SolutionConfigurationPlatforms) = preSolution
		Ad-Hoc|Any CPU = Ad-Hoc|Any CPU
		Ad-Hoc|ARM = Ad-Hoc|ARM
		Ad-Hoc|iPhone = Ad-Hoc|iPhone
		Ad-Hoc|iPhoneSimulator = Ad-Hoc|iPhoneSimulator
		Ad-Hoc|x64 = Ad-Hoc|x64
		Ad-Hoc|x86 = Ad-Hoc|x86
		AppStore|Any CPU = AppStore|Any CPU
		AppStore|ARM = AppStore|ARM
		AppStore|iPhone = AppStore|iPhone
		AppStore|iPhoneSimulator = AppStore|iPhoneSimulator
		AppStore|x64 = AppStore|x64
		AppStore|x86 = AppStore|x86
		Debug|Any CPU = Debug|Any CPU
		Debug|ARM = Debug|ARM
		Debug|iPhone = Debug|iPhone
		Debug|iPhoneSimulator = Debug|iPhoneSimulator
		Debug|x64 = Debug|x64
		Debug|x86 = Debug|x86
		Release|Any CPU = Release|Any CPU
		Release|ARM = Release|ARM
		Release|iPhone = Release|iPhone
		Release|iPhoneSimulator = Release|iPhoneSimulator
		Release|x64 = Release|x64
		Release|x86 = Release|x86
	EndGlobalSection
	GlobalSection(ProjectConfigurationPlatforms) = postSolution
		{F8F70B22-824A-416D-852C-FEE42CE2665B}.Ad-Hoc|Any CPU.ActiveCfg = Debug|Any CPU
		{F8F70B22-824A-416D-852C-FEE42CE2665B}.Ad-Hoc|Any CPU.Build.0 = Debug|Any CPU
		{F8F70B22-824A-416D-852C-FEE42CE2665B}.Ad-Hoc|ARM.ActiveCfg = Debug|Any CPU
		{F8F70B22-824A-416D-852C-FEE42CE2665B}.Ad-Hoc|ARM.Build.0 = Debug|Any CPU
		{F8F70B22-824A-416D-852C-FEE42CE2665B}.Ad-Hoc|iPhone.ActiveCfg = Debug|Any CPU
		{F8F70B22-824A-416D-852C-FEE42CE2665B}.Ad-Hoc|iPhone.Build.0 = Debug|Any CPU
		{F8F70B22-824A-416D-852C-FEE42CE2665B}.Ad-Hoc|iPhoneSimulator.ActiveCfg = Debug|Any CPU
		{F8F70B22-824A-416D-852C-FEE42CE2665B}.Ad-Hoc|iPhoneSimulator.Build.0 = Debug|Any CPU
		{F8F70B22-824A-416D-852C-FEE42CE2665B}.Ad-Hoc|x64.ActiveCfg = Debug|Any CPU
		{F8F70B22-824A-416D-852C-FEE42CE2665B}.Ad-Hoc|x64.Build.0 = Debug|Any CPU
		{F8F70B22-824A-416D-852C-FEE42CE2665B}.Ad-Hoc|x86.ActiveCfg = Debug|Any CPU
		{F8F70B22-824A-416D-852C-FEE42CE2665B}.Ad-Hoc|x86.Build.0 = Debug|Any CPU
		{F8F70B22-824A-416D-852C-FEE42CE2665B}.AppStore|Any CPU.ActiveCfg = Debug|Any CPU
		{F8F70B22-824A-416D-852C-FEE42CE2665B}.AppStore|Any CPU.Build.0 = Debug|Any CPU
		{F8F70B22-824A-416D-852C-FEE42CE2665B}.AppStore|ARM.ActiveCfg = Debug|Any CPU
		{F8F70B22-824A-416D-852C-FEE42CE2665B}.AppStore|ARM.Build.0 = Debug|Any CPU
		{F8F70B22-824A-416D-852C-FEE42CE2665B}.AppStore|iPhone.ActiveCfg = Debug|Any CPU
		{F8F70B22-824A-416D-852C-FEE42CE2665B}.AppStore|iPhone.Build.0 = Debug|Any CPU
		{F8F70B22-824A-416D-852C-FEE42CE2665B}.AppStore|iPhoneSimulator.ActiveCfg = Debug|Any CPU
		{F8F70B22-824A-416D-852C-FEE42CE2665B}.AppStore|iPhoneSimulator.Build.0 = Debug|Any CPU
		{F8F70B22-824A-416D-852C-FEE42CE2665B}.AppStore|x64.ActiveCfg = Debug|Any CPU
		{F8F70B22-824A-416D-852C-FEE42CE2665B}.AppStore|x64.Build.0 = Debug|Any CPU
		{F8F70B22-824A-416D-852C-FEE42CE2665B}.AppStore|x86.ActiveCfg = Debug|Any CPU
		{F8F70B22-824A-416D-852C-FEE42CE2665B}.AppStore|x86.Build.0 = Debug|Any CPU
		{F8F70B22-824A-416D-852C-FEE42CE2665B}.Debug|Any CPU.ActiveCfg = Debug|Any CPU
		{F8F70B22-824A-416D-852C-FEE42CE2665B}.Debug|Any CPU.Build.0 = Debug|Any CPU
		{F8F70B22-824A-416D-852C-FEE42CE2665B}.Debug|ARM.ActiveCfg = Debug|Any CPU
		{F8F70B22-824A-416D-852C-FEE42CE2665B}.Debug|ARM.Build.0 = Debug|Any CPU
		{F8F70B22-824A-416D-852C-FEE42CE2665B}.Debug|iPhone.ActiveCfg = Debug|Any CPU
		{F8F70B22-824A-416D-852C-FEE42CE2665B}.Debug|iPhone.Build.0 = Debug|Any CPU
		{F8F70B22-824A-416D-852C-FEE42CE2665B}.Debug|iPhoneSimulator.ActiveCfg = Debug|Any CPU
		{F8F70B22-824A-416D-852C-FEE42CE2665B}.Debug|iPhoneSimulator.Build.0 = Debug|Any CPU
		{F8F70B22-824A-416D-852C-FEE42CE2665B}.Debug|x64.ActiveCfg = Debug|Any CPU
		{F8F70B22-824A-416D-852C-FEE42CE2665B}.Debug|x64.Build.0 = Debug|Any CPU
		{F8F70B22-824A-416D-852C-FEE42CE2665B}.Debug|x86.ActiveCfg = Debug|Any CPU
		{F8F70B22-824A-416D-852C-FEE42CE2665B}.Debug|x86.Build.0 = Debug|Any CPU
		{F8F70B22-824A-416D-852C-FEE42CE2665B}.Release|Any CPU.ActiveCfg = Release|Any CPU
		{F8F70B22-824A-416D-852C-FEE42CE2665B}.Release|Any CPU.Build.0 = Release|Any CPU
		{F8F70B22-824A-416D-852C-FEE42CE2665B}.Release|ARM.ActiveCfg = Release|Any CPU
		{F8F70B22-824A-416D-852C-FEE42CE2665B}.Release|ARM.Build.0 = Release|Any CPU
		{F8F70B22-824A-416D-852C-FEE42CE2665B}.Release|iPhone.ActiveCfg = Release|Any CPU
		{F8F70B22-824A-416D-852C-FEE42CE2665B}.Release|iPhone.Build.0 = Release|Any CPU
		{F8F70B22-824A-416D-852C-FEE42CE2665B}.Release|iPhoneSimulator.ActiveCfg = Release|Any CPU
		{F8F70B22-824A-416D-852C-FEE42CE2665B}.Release|iPhoneSimulator.Build.0 = Release|Any CPU
		{F8F70B22-824A-416D-852C-FEE42CE2665B}.Release|x64.ActiveCfg = Release|Any CPU
		{F8F70B22-824A-416D-852C-FEE42CE2665B}.Release|x64.Build.0 = Release|Any CPU
		{F8F70B22-824A-416D-852C-FEE42CE2665B}.Release|x86.ActiveCfg = Release|Any CPU
		{F8F70B22-824A-416D-852C-FEE42CE2665B}.Release|x86.Build.0 = Release|Any CPU
		{EA4CC092-93ED-4F41-9084-8AD9832DF015}.Ad-Hoc|Any CPU.ActiveCfg = Release|Any CPU
		{EA4CC092-93ED-4F41-9084-8AD9832DF015}.Ad-Hoc|Any CPU.Build.0 = Release|Any CPU
		{EA4CC092-93ED-4F41-9084-8AD9832DF015}.Ad-Hoc|Any CPU.Deploy.0 = Release|Any CPU
		{EA4CC092-93ED-4F41-9084-8AD9832DF015}.Ad-Hoc|ARM.ActiveCfg = Release|Any CPU
		{EA4CC092-93ED-4F41-9084-8AD9832DF015}.Ad-Hoc|ARM.Build.0 = Release|Any CPU
		{EA4CC092-93ED-4F41-9084-8AD9832DF015}.Ad-Hoc|ARM.Deploy.0 = Release|Any CPU
		{EA4CC092-93ED-4F41-9084-8AD9832DF015}.Ad-Hoc|iPhone.ActiveCfg = Release|Any CPU
		{EA4CC092-93ED-4F41-9084-8AD9832DF015}.Ad-Hoc|iPhone.Build.0 = Release|Any CPU
		{EA4CC092-93ED-4F41-9084-8AD9832DF015}.Ad-Hoc|iPhone.Deploy.0 = Release|Any CPU
		{EA4CC092-93ED-4F41-9084-8AD9832DF015}.Ad-Hoc|iPhoneSimulator.ActiveCfg = Release|Any CPU
		{EA4CC092-93ED-4F41-9084-8AD9832DF015}.Ad-Hoc|iPhoneSimulator.Build.0 = Release|Any CPU
		{EA4CC092-93ED-4F41-9084-8AD9832DF015}.Ad-Hoc|iPhoneSimulator.Deploy.0 = Release|Any CPU
		{EA4CC092-93ED-4F41-9084-8AD9832DF015}.Ad-Hoc|x64.ActiveCfg = Release|Any CPU
		{EA4CC092-93ED-4F41-9084-8AD9832DF015}.Ad-Hoc|x64.Build.0 = Release|Any CPU
		{EA4CC092-93ED-4F41-9084-8AD9832DF015}.Ad-Hoc|x64.Deploy.0 = Release|Any CPU
		{EA4CC092-93ED-4F41-9084-8AD9832DF015}.Ad-Hoc|x86.ActiveCfg = Release|Any CPU
		{EA4CC092-93ED-4F41-9084-8AD9832DF015}.Ad-Hoc|x86.Build.0 = Release|Any CPU
		{EA4CC092-93ED-4F41-9084-8AD9832DF015}.Ad-Hoc|x86.Deploy.0 = Release|Any CPU
		{EA4CC092-93ED-4F41-9084-8AD9832DF015}.AppStore|Any CPU.ActiveCfg = Release|Any CPU
		{EA4CC092-93ED-4F41-9084-8AD9832DF015}.AppStore|Any CPU.Build.0 = Release|Any CPU
		{EA4CC092-93ED-4F41-9084-8AD9832DF015}.AppStore|Any CPU.Deploy.0 = Release|Any CPU
		{EA4CC092-93ED-4F41-9084-8AD9832DF015}.AppStore|ARM.ActiveCfg = Release|Any CPU
		{EA4CC092-93ED-4F41-9084-8AD9832DF015}.AppStore|ARM.Build.0 = Release|Any CPU
		{EA4CC092-93ED-4F41-9084-8AD9832DF015}.AppStore|ARM.Deploy.0 = Release|Any CPU
		{EA4CC092-93ED-4F41-9084-8AD9832DF015}.AppStore|iPhone.ActiveCfg = Release|Any CPU
		{EA4CC092-93ED-4F41-9084-8AD9832DF015}.AppStore|iPhone.Build.0 = Release|Any CPU
		{EA4CC092-93ED-4F41-9084-8AD9832DF015}.AppStore|iPhone.Deploy.0 = Release|Any CPU
		{EA4CC092-93ED-4F41-9084-8AD9832DF015}.AppStore|iPhoneSimulator.ActiveCfg = Release|Any CPU
		{EA4CC092-93ED-4F41-9084-8AD9832DF015}.AppStore|iPhoneSimulator.Build.0 = Release|Any CPU
		{EA4CC092-93ED-4F41-9084-8AD9832DF015}.AppStore|iPhoneSimulator.Deploy.0 = Release|Any CPU
		{EA4CC092-93ED-4F41-9084-8AD9832DF015}.AppStore|x64.ActiveCfg = Release|Any CPU
		{EA4CC092-93ED-4F41-9084-8AD9832DF015}.AppStore|x64.Build.0 = Release|Any CPU
		{EA4CC092-93ED-4F41-9084-8AD9832DF015}.AppStore|x64.Deploy.0 = Release|Any CPU
		{EA4CC092-93ED-4F41-9084-8AD9832DF015}.AppStore|x86.ActiveCfg = Release|Any CPU
		{EA4CC092-93ED-4F41-9084-8AD9832DF015}.AppStore|x86.Build.0 = Release|Any CPU
		{EA4CC092-93ED-4F41-9084-8AD9832DF015}.AppStore|x86.Deploy.0 = Release|Any CPU
		{EA4CC092-93ED-4F41-9084-8AD9832DF015}.Debug|Any CPU.ActiveCfg = Debug|Any CPU
		{EA4CC092-93ED-4F41-9084-8AD9832DF015}.Debug|Any CPU.Build.0 = Debug|Any CPU
		{EA4CC092-93ED-4F41-9084-8AD9832DF015}.Debug|Any CPU.Deploy.0 = Debug|Any CPU
		{EA4CC092-93ED-4F41-9084-8AD9832DF015}.Debug|ARM.ActiveCfg = Debug|Any CPU
		{EA4CC092-93ED-4F41-9084-8AD9832DF015}.Debug|ARM.Build.0 = Debug|Any CPU
		{EA4CC092-93ED-4F41-9084-8AD9832DF015}.Debug|ARM.Deploy.0 = Debug|Any CPU
		{EA4CC092-93ED-4F41-9084-8AD9832DF015}.Debug|iPhone.ActiveCfg = Debug|Any CPU
		{EA4CC092-93ED-4F41-9084-8AD9832DF015}.Debug|iPhone.Build.0 = Debug|Any CPU
		{EA4CC092-93ED-4F41-9084-8AD9832DF015}.Debug|iPhone.Deploy.0 = Debug|Any CPU
		{EA4CC092-93ED-4F41-9084-8AD9832DF015}.Debug|iPhoneSimulator.ActiveCfg = Debug|Any CPU
		{EA4CC092-93ED-4F41-9084-8AD9832DF015}.Debug|iPhoneSimulator.Build.0 = Debug|Any CPU
		{EA4CC092-93ED-4F41-9084-8AD9832DF015}.Debug|iPhoneSimulator.Deploy.0 = Debug|Any CPU
		{EA4CC092-93ED-4F41-9084-8AD9832DF015}.Debug|x64.ActiveCfg = Debug|Any CPU
		{EA4CC092-93ED-4F41-9084-8AD9832DF015}.Debug|x64.Build.0 = Debug|Any CPU
		{EA4CC092-93ED-4F41-9084-8AD9832DF015}.Debug|x64.Deploy.0 = Debug|Any CPU
		{EA4CC092-93ED-4F41-9084-8AD9832DF015}.Debug|x86.ActiveCfg = Debug|Any CPU
		{EA4CC092-93ED-4F41-9084-8AD9832DF015}.Debug|x86.Build.0 = Debug|Any CPU
		{EA4CC092-93ED-4F41-9084-8AD9832DF015}.Debug|x86.Deploy.0 = Debug|Any CPU
		{EA4CC092-93ED-4F41-9084-8AD9832DF015}.Release|Any CPU.ActiveCfg = Release|Any CPU
		{EA4CC092-93ED-4F41-9084-8AD9832DF015}.Release|Any CPU.Build.0 = Release|Any CPU
		{EA4CC092-93ED-4F41-9084-8AD9832DF015}.Release|Any CPU.Deploy.0 = Release|Any CPU
		{EA4CC092-93ED-4F41-9084-8AD9832DF015}.Release|ARM.ActiveCfg = Release|Any CPU
		{EA4CC092-93ED-4F41-9084-8AD9832DF015}.Release|ARM.Build.0 = Release|Any CPU
		{EA4CC092-93ED-4F41-9084-8AD9832DF015}.Release|ARM.Deploy.0 = Release|Any CPU
		{EA4CC092-93ED-4F41-9084-8AD9832DF015}.Release|iPhone.ActiveCfg = Release|Any CPU
		{EA4CC092-93ED-4F41-9084-8AD9832DF015}.Release|iPhone.Build.0 = Release|Any CPU
		{EA4CC092-93ED-4F41-9084-8AD9832DF015}.Release|iPhone.Deploy.0 = Release|Any CPU
		{EA4CC092-93ED-4F41-9084-8AD9832DF015}.Release|iPhoneSimulator.ActiveCfg = Release|Any CPU
		{EA4CC092-93ED-4F41-9084-8AD9832DF015}.Release|iPhoneSimulator.Build.0 = Release|Any CPU
		{EA4CC092-93ED-4F41-9084-8AD9832DF015}.Release|iPhoneSimulator.Deploy.0 = Release|Any CPU
		{EA4CC092-93ED-4F41-9084-8AD9832DF015}.Release|x64.ActiveCfg = Release|Any CPU
		{EA4CC092-93ED-4F41-9084-8AD9832DF015}.Release|x64.Build.0 = Release|Any CPU
		{EA4CC092-93ED-4F41-9084-8AD9832DF015}.Release|x64.Deploy.0 = Release|Any CPU
		{EA4CC092-93ED-4F41-9084-8AD9832DF015}.Release|x86.ActiveCfg = Release|Any CPU
		{EA4CC092-93ED-4F41-9084-8AD9832DF015}.Release|x86.Build.0 = Release|Any CPU
		{EA4CC092-93ED-4F41-9084-8AD9832DF015}.Release|x86.Deploy.0 = Release|Any CPU
		{C9587D5F-C60D-47A7-9EEC-CB3DA29A26AD}.Ad-Hoc|Any CPU.ActiveCfg = Ad-Hoc|iPhone
		{C9587D5F-C60D-47A7-9EEC-CB3DA29A26AD}.Ad-Hoc|ARM.ActiveCfg = Ad-Hoc|iPhone
		{C9587D5F-C60D-47A7-9EEC-CB3DA29A26AD}.Ad-Hoc|iPhone.ActiveCfg = Ad-Hoc|iPhone
		{C9587D5F-C60D-47A7-9EEC-CB3DA29A26AD}.Ad-Hoc|iPhone.Build.0 = Ad-Hoc|iPhone
		{C9587D5F-C60D-47A7-9EEC-CB3DA29A26AD}.Ad-Hoc|iPhoneSimulator.ActiveCfg = Ad-Hoc|iPhoneSimulator
		{C9587D5F-C60D-47A7-9EEC-CB3DA29A26AD}.Ad-Hoc|iPhoneSimulator.Build.0 = Ad-Hoc|iPhoneSimulator
		{C9587D5F-C60D-47A7-9EEC-CB3DA29A26AD}.Ad-Hoc|x64.ActiveCfg = Ad-Hoc|iPhone
		{C9587D5F-C60D-47A7-9EEC-CB3DA29A26AD}.Ad-Hoc|x86.ActiveCfg = Ad-Hoc|iPhone
		{C9587D5F-C60D-47A7-9EEC-CB3DA29A26AD}.AppStore|Any CPU.ActiveCfg = AppStore|iPhone
		{C9587D5F-C60D-47A7-9EEC-CB3DA29A26AD}.AppStore|ARM.ActiveCfg = AppStore|iPhone
		{C9587D5F-C60D-47A7-9EEC-CB3DA29A26AD}.AppStore|iPhone.ActiveCfg = AppStore|iPhone
		{C9587D5F-C60D-47A7-9EEC-CB3DA29A26AD}.AppStore|iPhone.Build.0 = AppStore|iPhone
		{C9587D5F-C60D-47A7-9EEC-CB3DA29A26AD}.AppStore|iPhoneSimulator.ActiveCfg = AppStore|iPhoneSimulator
		{C9587D5F-C60D-47A7-9EEC-CB3DA29A26AD}.AppStore|iPhoneSimulator.Build.0 = AppStore|iPhoneSimulator
		{C9587D5F-C60D-47A7-9EEC-CB3DA29A26AD}.AppStore|x64.ActiveCfg = AppStore|iPhone
		{C9587D5F-C60D-47A7-9EEC-CB3DA29A26AD}.AppStore|x86.ActiveCfg = AppStore|iPhone
		{C9587D5F-C60D-47A7-9EEC-CB3DA29A26AD}.Debug|Any CPU.ActiveCfg = Debug|iPhone
		{C9587D5F-C60D-47A7-9EEC-CB3DA29A26AD}.Debug|ARM.ActiveCfg = Debug|iPhone
		{C9587D5F-C60D-47A7-9EEC-CB3DA29A26AD}.Debug|iPhone.ActiveCfg = Debug|iPhone
		{C9587D5F-C60D-47A7-9EEC-CB3DA29A26AD}.Debug|iPhone.Build.0 = Debug|iPhone
		{C9587D5F-C60D-47A7-9EEC-CB3DA29A26AD}.Debug|iPhoneSimulator.ActiveCfg = Debug|iPhoneSimulator
		{C9587D5F-C60D-47A7-9EEC-CB3DA29A26AD}.Debug|iPhoneSimulator.Build.0 = Debug|iPhoneSimulator
		{C9587D5F-C60D-47A7-9EEC-CB3DA29A26AD}.Debug|x64.ActiveCfg = Debug|iPhone
		{C9587D5F-C60D-47A7-9EEC-CB3DA29A26AD}.Debug|x86.ActiveCfg = Debug|iPhone
		{C9587D5F-C60D-47A7-9EEC-CB3DA29A26AD}.Release|Any CPU.ActiveCfg = Release|iPhone
		{C9587D5F-C60D-47A7-9EEC-CB3DA29A26AD}.Release|ARM.ActiveCfg = Release|iPhone
		{C9587D5F-C60D-47A7-9EEC-CB3DA29A26AD}.Release|iPhone.ActiveCfg = Release|iPhone
		{C9587D5F-C60D-47A7-9EEC-CB3DA29A26AD}.Release|iPhone.Build.0 = Release|iPhone
		{C9587D5F-C60D-47A7-9EEC-CB3DA29A26AD}.Release|iPhoneSimulator.ActiveCfg = Release|iPhoneSimulator
		{C9587D5F-C60D-47A7-9EEC-CB3DA29A26AD}.Release|iPhoneSimulator.Build.0 = Release|iPhoneSimulator
		{C9587D5F-C60D-47A7-9EEC-CB3DA29A26AD}.Release|x64.ActiveCfg = Release|iPhone
		{C9587D5F-C60D-47A7-9EEC-CB3DA29A26AD}.Release|x86.ActiveCfg = Release|iPhone
		{7F9ABD2C-C96A-442E-9BE6-5D78D87C95A7}.Ad-Hoc|Any CPU.ActiveCfg = Release|x86
		{7F9ABD2C-C96A-442E-9BE6-5D78D87C95A7}.Ad-Hoc|Any CPU.Build.0 = Release|x86
		{7F9ABD2C-C96A-442E-9BE6-5D78D87C95A7}.Ad-Hoc|Any CPU.Deploy.0 = Release|x86
		{7F9ABD2C-C96A-442E-9BE6-5D78D87C95A7}.Ad-Hoc|ARM.ActiveCfg = Release|ARM
		{7F9ABD2C-C96A-442E-9BE6-5D78D87C95A7}.Ad-Hoc|ARM.Build.0 = Release|ARM
		{7F9ABD2C-C96A-442E-9BE6-5D78D87C95A7}.Ad-Hoc|ARM.Deploy.0 = Release|ARM
		{7F9ABD2C-C96A-442E-9BE6-5D78D87C95A7}.Ad-Hoc|iPhone.ActiveCfg = Release|x86
		{7F9ABD2C-C96A-442E-9BE6-5D78D87C95A7}.Ad-Hoc|iPhone.Build.0 = Release|x86
		{7F9ABD2C-C96A-442E-9BE6-5D78D87C95A7}.Ad-Hoc|iPhone.Deploy.0 = Release|x86
		{7F9ABD2C-C96A-442E-9BE6-5D78D87C95A7}.Ad-Hoc|iPhoneSimulator.ActiveCfg = Release|x86
		{7F9ABD2C-C96A-442E-9BE6-5D78D87C95A7}.Ad-Hoc|iPhoneSimulator.Build.0 = Release|x86
		{7F9ABD2C-C96A-442E-9BE6-5D78D87C95A7}.Ad-Hoc|iPhoneSimulator.Deploy.0 = Release|x86
		{7F9ABD2C-C96A-442E-9BE6-5D78D87C95A7}.Ad-Hoc|x64.ActiveCfg = Release|x64
		{7F9ABD2C-C96A-442E-9BE6-5D78D87C95A7}.Ad-Hoc|x64.Build.0 = Release|x64
		{7F9ABD2C-C96A-442E-9BE6-5D78D87C95A7}.Ad-Hoc|x64.Deploy.0 = Release|x64
		{7F9ABD2C-C96A-442E-9BE6-5D78D87C95A7}.Ad-Hoc|x86.ActiveCfg = Release|x86
		{7F9ABD2C-C96A-442E-9BE6-5D78D87C95A7}.Ad-Hoc|x86.Build.0 = Release|x86
		{7F9ABD2C-C96A-442E-9BE6-5D78D87C95A7}.Ad-Hoc|x86.Deploy.0 = Release|x86
		{7F9ABD2C-C96A-442E-9BE6-5D78D87C95A7}.AppStore|Any CPU.ActiveCfg = Release|x86
		{7F9ABD2C-C96A-442E-9BE6-5D78D87C95A7}.AppStore|Any CPU.Build.0 = Release|x86
		{7F9ABD2C-C96A-442E-9BE6-5D78D87C95A7}.AppStore|Any CPU.Deploy.0 = Release|x86
		{7F9ABD2C-C96A-442E-9BE6-5D78D87C95A7}.AppStore|ARM.ActiveCfg = Release|ARM
		{7F9ABD2C-C96A-442E-9BE6-5D78D87C95A7}.AppStore|ARM.Build.0 = Release|ARM
		{7F9ABD2C-C96A-442E-9BE6-5D78D87C95A7}.AppStore|ARM.Deploy.0 = Release|ARM
		{7F9ABD2C-C96A-442E-9BE6-5D78D87C95A7}.AppStore|iPhone.ActiveCfg = Release|x86
		{7F9ABD2C-C96A-442E-9BE6-5D78D87C95A7}.AppStore|iPhone.Build.0 = Release|x86
		{7F9ABD2C-C96A-442E-9BE6-5D78D87C95A7}.AppStore|iPhone.Deploy.0 = Release|x86
		{7F9ABD2C-C96A-442E-9BE6-5D78D87C95A7}.AppStore|iPhoneSimulator.ActiveCfg = Release|x86
		{7F9ABD2C-C96A-442E-9BE6-5D78D87C95A7}.AppStore|iPhoneSimulator.Build.0 = Release|x86
		{7F9ABD2C-C96A-442E-9BE6-5D78D87C95A7}.AppStore|iPhoneSimulator.Deploy.0 = Release|x86
		{7F9ABD2C-C96A-442E-9BE6-5D78D87C95A7}.AppStore|x64.ActiveCfg = Release|x64
		{7F9ABD2C-C96A-442E-9BE6-5D78D87C95A7}.AppStore|x64.Build.0 = Release|x64
		{7F9ABD2C-C96A-442E-9BE6-5D78D87C95A7}.AppStore|x64.Deploy.0 = Release|x64
		{7F9ABD2C-C96A-442E-9BE6-5D78D87C95A7}.AppStore|x86.ActiveCfg = Release|x86
		{7F9ABD2C-C96A-442E-9BE6-5D78D87C95A7}.AppStore|x86.Build.0 = Release|x86
		{7F9ABD2C-C96A-442E-9BE6-5D78D87C95A7}.AppStore|x86.Deploy.0 = Release|x86
		{7F9ABD2C-C96A-442E-9BE6-5D78D87C95A7}.Debug|Any CPU.ActiveCfg = Debug|x86
		{7F9ABD2C-C96A-442E-9BE6-5D78D87C95A7}.Debug|ARM.ActiveCfg = Debug|ARM
		{7F9ABD2C-C96A-442E-9BE6-5D78D87C95A7}.Debug|ARM.Build.0 = Debug|ARM
		{7F9ABD2C-C96A-442E-9BE6-5D78D87C95A7}.Debug|ARM.Deploy.0 = Debug|ARM
		{7F9ABD2C-C96A-442E-9BE6-5D78D87C95A7}.Debug|iPhone.ActiveCfg = Debug|x86
		{7F9ABD2C-C96A-442E-9BE6-5D78D87C95A7}.Debug|iPhoneSimulator.ActiveCfg = Debug|x86
		{7F9ABD2C-C96A-442E-9BE6-5D78D87C95A7}.Debug|x64.ActiveCfg = Debug|x64
		{7F9ABD2C-C96A-442E-9BE6-5D78D87C95A7}.Debug|x64.Build.0 = Debug|x64
		{7F9ABD2C-C96A-442E-9BE6-5D78D87C95A7}.Debug|x64.Deploy.0 = Debug|x64
		{7F9ABD2C-C96A-442E-9BE6-5D78D87C95A7}.Debug|x86.ActiveCfg = Debug|x86
		{7F9ABD2C-C96A-442E-9BE6-5D78D87C95A7}.Debug|x86.Build.0 = Debug|x86
		{7F9ABD2C-C96A-442E-9BE6-5D78D87C95A7}.Debug|x86.Deploy.0 = Debug|x86
		{7F9ABD2C-C96A-442E-9BE6-5D78D87C95A7}.Release|Any CPU.ActiveCfg = Release|x86
		{7F9ABD2C-C96A-442E-9BE6-5D78D87C95A7}.Release|ARM.ActiveCfg = Release|ARM
		{7F9ABD2C-C96A-442E-9BE6-5D78D87C95A7}.Release|ARM.Build.0 = Release|ARM
		{7F9ABD2C-C96A-442E-9BE6-5D78D87C95A7}.Release|ARM.Deploy.0 = Release|ARM
		{7F9ABD2C-C96A-442E-9BE6-5D78D87C95A7}.Release|iPhone.ActiveCfg = Release|x86
		{7F9ABD2C-C96A-442E-9BE6-5D78D87C95A7}.Release|iPhoneSimulator.ActiveCfg = Release|x86
		{7F9ABD2C-C96A-442E-9BE6-5D78D87C95A7}.Release|x64.ActiveCfg = Release|x64
		{7F9ABD2C-C96A-442E-9BE6-5D78D87C95A7}.Release|x64.Build.0 = Release|x64
		{7F9ABD2C-C96A-442E-9BE6-5D78D87C95A7}.Release|x64.Deploy.0 = Release|x64
		{7F9ABD2C-C96A-442E-9BE6-5D78D87C95A7}.Release|x86.ActiveCfg = Release|x86
		{7F9ABD2C-C96A-442E-9BE6-5D78D87C95A7}.Release|x86.Build.0 = Release|x86
		{7F9ABD2C-C96A-442E-9BE6-5D78D87C95A7}.Release|x86.Deploy.0 = Release|x86
	EndGlobalSection
	GlobalSection(SolutionProperties) = preSolution
		HideSolutionNode = FALSE
	EndGlobalSection
	GlobalSection(ExtensibilityGlobals) = postSolution
		SolutionGuid = {B217C6CF-D1ED-4E89-9054-14280A6017FF}
	EndGlobalSection
EndGlobal
