
Microsoft Visual Studio Solution File, Format Version 12.00
# Visual Studio Version 16
VisualStudioVersion = 16.0.30002.166
MinimumVisualStudioVersion = 10.0.40219.1
Project("{FAE04EC0-301F-11D3-BF4B-00C04F79EFBC}") = "HelloForms.UWP", "HelloForms\HelloForms.UWP\HelloForms.UWP.csproj", "{622F9E5B-2031-4387-A803-6DAA203FFE2D}"
EndProject
Project("{FAE04EC0-301F-11D3-BF4B-00C04F79EFBC}") = "HelloForms.Android", "HelloForms\HelloForms.Android\HelloForms.Android.csproj", "{4B93016E-9CAD-49BB-9190-B40D7B8D697A}"
EndProject
Project("{FAE04EC0-301F-11D3-BF4B-00C04F79EFBC}") = "HelloForms.iOS", "HelloForms\HelloForms.iOS\HelloForms.iOS.csproj", "{051C600D-7919-4A79-9AE1-0BF05250C060}"
EndProject
Project("{FAE04EC0-301F-11D3-BF4B-00C04F79EFBC}") = "HelloForms", "HelloForms\HelloForms\HelloForms.csproj", "{5563869C-4E15-44E8-9A6E-285A02F444CC}"
EndProject
Global
	GlobalSection(SolutionConfigurationPlatforms) = preSolution
		Debug|Any CPU = Debug|Any CPU
		Debug|ARM = Debug|ARM
		Debug|iPhone = Debug|iPhone
		Debug|iPhoneSimulator = Debug|iPhoneSimulator
		Debug|x64 = Debug|x64
		Debug|x86 = Debug|x86
		Release|Any CPU = Release|Any CPU
		Release|ARM = Release|ARM
		Release|iPhone = Release|iPhone
		Release|iPhoneSimulator = Release|iPhoneSimulator
		Release|x64 = Release|x64
		Release|x86 = Release|x86
	EndGlobalSection
	GlobalSection(ProjectConfigurationPlatforms) = postSolution
		{622F9E5B-2031-4387-A803-6DAA203FFE2D}.Debug|Any CPU.ActiveCfg = Debug|x86
		{622F9E5B-2031-4387-A803-6DAA203FFE2D}.Debug|Any CPU.Build.0 = Debug|x86
		{622F9E5B-2031-4387-A803-6DAA203FFE2D}.Debug|Any CPU.Deploy.0 = Debug|x86
		{622F9E5B-2031-4387-A803-6DAA203FFE2D}.Debug|ARM.ActiveCfg = Debug|ARM
		{622F9E5B-2031-4387-A803-6DAA203FFE2D}.Debug|ARM.Build.0 = Debug|ARM
		{622F9E5B-2031-4387-A803-6DAA203FFE2D}.Debug|ARM.Deploy.0 = Debug|ARM
		{622F9E5B-2031-4387-A803-6DAA203FFE2D}.Debug|iPhone.ActiveCfg = Debug|x86
		{622F9E5B-2031-4387-A803-6DAA203FFE2D}.Debug|iPhone.Build.0 = Debug|x86
		{622F9E5B-2031-4387-A803-6DAA203FFE2D}.Debug|iPhone.Deploy.0 = Debug|x86
		{622F9E5B-2031-4387-A803-6DAA203FFE2D}.Debug|iPhoneSimulator.ActiveCfg = Debug|x86
		{622F9E5B-2031-4387-A803-6DAA203FFE2D}.Debug|iPhoneSimulator.Build.0 = Debug|x86
		{622F9E5B-2031-4387-A803-6DAA203FFE2D}.Debug|iPhoneSimulator.Deploy.0 = Debug|x86
		{622F9E5B-2031-4387-A803-6DAA203FFE2D}.Debug|x64.ActiveCfg = Debug|x64
		{622F9E5B-2031-4387-A803-6DAA203FFE2D}.Debug|x64.Build.0 = Debug|x64
		{622F9E5B-2031-4387-A803-6DAA203FFE2D}.Debug|x64.Deploy.0 = Debug|x64
		{622F9E5B-2031-4387-A803-6DAA203FFE2D}.Debug|x86.ActiveCfg = Debug|x86
		{622F9E5B-2031-4387-A803-6DAA203FFE2D}.Debug|x86.Build.0 = Debug|x86
		{622F9E5B-2031-4387-A803-6DAA203FFE2D}.Debug|x86.Deploy.0 = Debug|x86
		{622F9E5B-2031-4387-A803-6DAA203FFE2D}.Release|Any CPU.ActiveCfg = Release|x86
		{622F9E5B-2031-4387-A803-6DAA203FFE2D}.Release|Any CPU.Build.0 = Release|x86
		{622F9E5B-2031-4387-A803-6DAA203FFE2D}.Release|Any CPU.Deploy.0 = Release|x86
		{622F9E5B-2031-4387-A803-6DAA203FFE2D}.Release|ARM.ActiveCfg = Release|ARM
		{622F9E5B-2031-4387-A803-6DAA203FFE2D}.Release|ARM.Build.0 = Release|ARM
		{622F9E5B-2031-4387-A803-6DAA203FFE2D}.Release|ARM.Deploy.0 = Release|ARM
		{622F9E5B-2031-4387-A803-6DAA203FFE2D}.Release|iPhone.ActiveCfg = Release|x86
		{622F9E5B-2031-4387-A803-6DAA203FFE2D}.Release|iPhone.Build.0 = Release|x86
		{622F9E5B-2031-4387-A803-6DAA203FFE2D}.Release|iPhone.Deploy.0 = Release|x86
		{622F9E5B-2031-4387-A803-6DAA203FFE2D}.Release|iPhoneSimulator.ActiveCfg = Release|x86
		{622F9E5B-2031-4387-A803-6DAA203FFE2D}.Release|iPhoneSimulator.Build.0 = Release|x86
		{622F9E5B-2031-4387-A803-6DAA203FFE2D}.Release|iPhoneSimulator.Deploy.0 = Release|x86
		{622F9E5B-2031-4387-A803-6DAA203FFE2D}.Release|x64.ActiveCfg = Release|x64
		{622F9E5B-2031-4387-A803-6DAA203FFE2D}.Release|x64.Build.0 = Release|x64
		{622F9E5B-2031-4387-A803-6DAA203FFE2D}.Release|x64.Deploy.0 = Release|x64
		{622F9E5B-2031-4387-A803-6DAA203FFE2D}.Release|x86.ActiveCfg = Release|x86
		{622F9E5B-2031-4387-A803-6DAA203FFE2D}.Release|x86.Build.0 = Release|x86
		{622F9E5B-2031-4387-A803-6DAA203FFE2D}.Release|x86.Deploy.0 = Release|x86
		{4B93016E-9CAD-49BB-9190-B40D7B8D697A}.Debug|Any CPU.ActiveCfg = Debug|Any CPU
		{4B93016E-9CAD-49BB-9190-B40D7B8D697A}.Debug|Any CPU.Build.0 = Debug|Any CPU
		{4B93016E-9CAD-49BB-9190-B40D7B8D697A}.Debug|Any CPU.Deploy.0 = Debug|Any CPU
		{4B93016E-9CAD-49BB-9190-B40D7B8D697A}.Debug|ARM.ActiveCfg = Debug|Any CPU
		{4B93016E-9CAD-49BB-9190-B40D7B8D697A}.Debug|ARM.Build.0 = Debug|Any CPU
		{4B93016E-9CAD-49BB-9190-B40D7B8D697A}.Debug|ARM.Deploy.0 = Debug|Any CPU
		{4B93016E-9CAD-49BB-9190-B40D7B8D697A}.Debug|iPhone.ActiveCfg = Debug|Any CPU
		{4B93016E-9CAD-49BB-9190-B40D7B8D697A}.Debug|iPhone.Build.0 = Debug|Any CPU
		{4B93016E-9CAD-49BB-9190-B40D7B8D697A}.Debug|iPhone.Deploy.0 = Debug|Any CPU
		{4B93016E-9CAD-49BB-9190-B40D7B8D697A}.Debug|iPhoneSimulator.ActiveCfg = Debug|Any CPU
		{4B93016E-9CAD-49BB-9190-B40D7B8D697A}.Debug|iPhoneSimulator.Build.0 = Debug|Any CPU
		{4B93016E-9CAD-49BB-9190-B40D7B8D697A}.Debug|iPhoneSimulator.Deploy.0 = Debug|Any CPU
		{4B93016E-9CAD-49BB-9190-B40D7B8D697A}.Debug|x64.ActiveCfg = Debug|Any CPU
		{4B93016E-9CAD-49BB-9190-B40D7B8D697A}.Debug|x64.Build.0 = Debug|Any CPU
		{4B93016E-9CAD-49BB-9190-B40D7B8D697A}.Debug|x64.Deploy.0 = Debug|Any CPU
		{4B93016E-9CAD-49BB-9190-B40D7B8D697A}.Debug|x86.ActiveCfg = Debug|Any CPU
		{4B93016E-9CAD-49BB-9190-B40D7B8D697A}.Debug|x86.Build.0 = Debug|Any CPU
		{4B93016E-9CAD-49BB-9190-B40D7B8D697A}.Debug|x86.Deploy.0 = Debug|Any CPU
		{4B93016E-9CAD-49BB-9190-B40D7B8D697A}.Release|Any CPU.ActiveCfg = Release|Any CPU
		{4B93016E-9CAD-49BB-9190-B40D7B8D697A}.Release|Any CPU.Build.0 = Release|Any CPU
		{4B93016E-9CAD-49BB-9190-B40D7B8D697A}.Release|Any CPU.Deploy.0 = Release|Any CPU
		{4B93016E-9CAD-49BB-9190-B40D7B8D697A}.Release|ARM.ActiveCfg = Release|Any CPU
		{4B93016E-9CAD-49BB-9190-B40D7B8D697A}.Release|ARM.Build.0 = Release|Any CPU
		{4B93016E-9CAD-49BB-9190-B40D7B8D697A}.Release|ARM.Deploy.0 = Release|Any CPU
		{4B93016E-9CAD-49BB-9190-B40D7B8D697A}.Release|iPhone.ActiveCfg = Release|Any CPU
		{4B93016E-9CAD-49BB-9190-B40D7B8D697A}.Release|iPhone.Build.0 = Release|Any CPU
		{4B93016E-9CAD-49BB-9190-B40D7B8D697A}.Release|iPhone.Deploy.0 = Release|Any CPU
		{4B93016E-9CAD-49BB-9190-B40D7B8D697A}.Release|iPhoneSimulator.ActiveCfg = Release|Any CPU
		{4B93016E-9CAD-49BB-9190-B40D7B8D697A}.Release|iPhoneSimulator.Build.0 = Release|Any CPU
		{4B93016E-9CAD-49BB-9190-B40D7B8D697A}.Release|iPhoneSimulator.Deploy.0 = Release|Any CPU
		{4B93016E-9CAD-49BB-9190-B40D7B8D697A}.Release|x64.ActiveCfg = Release|Any CPU
		{4B93016E-9CAD-49BB-9190-B40D7B8D697A}.Release|x64.Build.0 = Release|Any CPU
		{4B93016E-9CAD-49BB-9190-B40D7B8D697A}.Release|x64.Deploy.0 = Release|Any CPU
		{4B93016E-9CAD-49BB-9190-B40D7B8D697A}.Release|x86.ActiveCfg = Release|Any CPU
		{4B93016E-9CAD-49BB-9190-B40D7B8D697A}.Release|x86.Build.0 = Release|Any CPU
		{4B93016E-9CAD-49BB-9190-B40D7B8D697A}.Release|x86.Deploy.0 = Release|Any CPU
		{051C600D-7919-4A79-9AE1-0BF05250C060}.Debug|Any CPU.ActiveCfg = Debug|iPhone
		{051C600D-7919-4A79-9AE1-0BF05250C060}.Debug|Any CPU.Build.0 = Debug|iPhone
		{051C600D-7919-4A79-9AE1-0BF05250C060}.Debug|Any CPU.Deploy.0 = Debug|iPhone
		{051C600D-7919-4A79-9AE1-0BF05250C060}.Debug|ARM.ActiveCfg = Debug|iPhone
		{051C600D-7919-4A79-9AE1-0BF05250C060}.Debug|ARM.Build.0 = Debug|iPhone
		{051C600D-7919-4A79-9AE1-0BF05250C060}.Debug|ARM.Deploy.0 = Debug|iPhone
		{051C600D-7919-4A79-9AE1-0BF05250C060}.Debug|iPhone.ActiveCfg = Debug|iPhone
		{051C600D-7919-4A79-9AE1-0BF05250C060}.Debug|iPhone.Build.0 = Debug|iPhone
		{051C600D-7919-4A79-9AE1-0BF05250C060}.Debug|iPhone.Deploy.0 = Debug|iPhone
		{051C600D-7919-4A79-9AE1-0BF05250C060}.Debug|iPhoneSimulator.ActiveCfg = Debug|iPhoneSimulator
		{051C600D-7919-4A79-9AE1-0BF05250C060}.Debug|iPhoneSimulator.Build.0 = Debug|iPhoneSimulator
		{051C600D-7919-4A79-9AE1-0BF05250C060}.Debug|iPhoneSimulator.Deploy.0 = Debug|iPhoneSimulator
		{051C600D-7919-4A79-9AE1-0BF05250C060}.Debug|x64.ActiveCfg = Debug|iPhone
		{051C600D-7919-4A79-9AE1-0BF05250C060}.Debug|x64.Build.0 = Debug|iPhone
		{051C600D-7919-4A79-9AE1-0BF05250C060}.Debug|x64.Deploy.0 = Debug|iPhone
		{051C600D-7919-4A79-9AE1-0BF05250C060}.Debug|x86.ActiveCfg = Debug|iPhone
		{051C600D-7919-4A79-9AE1-0BF05250C060}.Debug|x86.Build.0 = Debug|iPhone
		{051C600D-7919-4A79-9AE1-0BF05250C060}.Debug|x86.Deploy.0 = Debug|iPhone
		{051C600D-7919-4A79-9AE1-0BF05250C060}.Release|Any CPU.ActiveCfg = Release|iPhone
		{051C600D-7919-4A79-9AE1-0BF05250C060}.Release|Any CPU.Build.0 = Release|iPhone
		{051C600D-7919-4A79-9AE1-0BF05250C060}.Release|Any CPU.Deploy.0 = Release|iPhone
		{051C600D-7919-4A79-9AE1-0BF05250C060}.Release|ARM.ActiveCfg = Release|iPhone
		{051C600D-7919-4A79-9AE1-0BF05250C060}.Release|ARM.Build.0 = Release|iPhone
		{051C600D-7919-4A79-9AE1-0BF05250C060}.Release|ARM.Deploy.0 = Release|iPhone
		{051C600D-7919-4A79-9AE1-0BF05250C060}.Release|iPhone.ActiveCfg = Release|iPhone
		{051C600D-7919-4A79-9AE1-0BF05250C060}.Release|iPhone.Build.0 = Release|iPhone
		{051C600D-7919-4A79-9AE1-0BF05250C060}.Release|iPhone.Deploy.0 = Release|iPhone
		{051C600D-7919-4A79-9AE1-0BF05250C060}.Release|iPhoneSimulator.ActiveCfg = Release|iPhoneSimulator
		{051C600D-7919-4A79-9AE1-0BF05250C060}.Release|iPhoneSimulator.Build.0 = Release|iPhoneSimulator
		{051C600D-7919-4A79-9AE1-0BF05250C060}.Release|iPhoneSimulator.Deploy.0 = Release|iPhoneSimulator
		{051C600D-7919-4A79-9AE1-0BF05250C060}.Release|x64.ActiveCfg = Release|iPhone
		{051C600D-7919-4A79-9AE1-0BF05250C060}.Release|x64.Build.0 = Release|iPhone
		{051C600D-7919-4A79-9AE1-0BF05250C060}.Release|x64.Deploy.0 = Release|iPhone
		{051C600D-7919-4A79-9AE1-0BF05250C060}.Release|x86.ActiveCfg = Release|iPhone
		{051C600D-7919-4A79-9AE1-0BF05250C060}.Release|x86.Build.0 = Release|iPhone
		{051C600D-7919-4A79-9AE1-0BF05250C060}.Release|x86.Deploy.0 = Release|iPhone
		{5563869C-4E15-44E8-9A6E-285A02F444CC}.Debug|Any CPU.ActiveCfg = Debug|Any CPU
		{5563869C-4E15-44E8-9A6E-285A02F444CC}.Debug|Any CPU.Build.0 = Debug|Any CPU
		{5563869C-4E15-44E8-9A6E-285A02F444CC}.Debug|Any CPU.Deploy.0 = Debug|Any CPU
		{5563869C-4E15-44E8-9A6E-285A02F444CC}.Debug|ARM.ActiveCfg = Debug|Any CPU
		{5563869C-4E15-44E8-9A6E-285A02F444CC}.Debug|ARM.Build.0 = Debug|Any CPU
		{5563869C-4E15-44E8-9A6E-285A02F444CC}.Debug|ARM.Deploy.0 = Debug|Any CPU
		{5563869C-4E15-44E8-9A6E-285A02F444CC}.Debug|iPhone.ActiveCfg = Debug|Any CPU
		{5563869C-4E15-44E8-9A6E-285A02F444CC}.Debug|iPhone.Build.0 = Debug|Any CPU
		{5563869C-4E15-44E8-9A6E-285A02F444CC}.Debug|iPhone.Deploy.0 = Debug|Any CPU
		{5563869C-4E15-44E8-9A6E-285A02F444CC}.Debug|iPhoneSimulator.ActiveCfg = Debug|Any CPU
		{5563869C-4E15-44E8-9A6E-285A02F444CC}.Debug|iPhoneSimulator.Build.0 = Debug|Any CPU
		{5563869C-4E15-44E8-9A6E-285A02F444CC}.Debug|iPhoneSimulator.Deploy.0 = Debug|Any CPU
		{5563869C-4E15-44E8-9A6E-285A02F444CC}.Debug|x64.ActiveCfg = Debug|Any CPU
		{5563869C-4E15-44E8-9A6E-285A02F444CC}.Debug|x64.Build.0 = Debug|Any CPU
		{5563869C-4E15-44E8-9A6E-285A02F444CC}.Debug|x64.Deploy.0 = Debug|Any CPU
		{5563869C-4E15-44E8-9A6E-285A02F444CC}.Debug|x86.ActiveCfg = Debug|Any CPU
		{5563869C-4E15-44E8-9A6E-285A02F444CC}.Debug|x86.Build.0 = Debug|Any CPU
		{5563869C-4E15-44E8-9A6E-285A02F444CC}.Debug|x86.Deploy.0 = Debug|Any CPU
		{5563869C-4E15-44E8-9A6E-285A02F444CC}.Release|Any CPU.ActiveCfg = Release|Any CPU
		{5563869C-4E15-44E8-9A6E-285A02F444CC}.Release|Any CPU.Build.0 = Release|Any CPU
		{5563869C-4E15-44E8-9A6E-285A02F444CC}.Release|Any CPU.Deploy.0 = Release|Any CPU
		{5563869C-4E15-44E8-9A6E-285A02F444CC}.Release|ARM.ActiveCfg = Release|Any CPU
		{5563869C-4E15-44E8-9A6E-285A02F444CC}.Release|ARM.Build.0 = Release|Any CPU
		{5563869C-4E15-44E8-9A6E-285A02F444CC}.Release|ARM.Deploy.0 = Release|Any CPU
		{5563869C-4E15-44E8-9A6E-285A02F444CC}.Release|iPhone.ActiveCfg = Release|Any CPU
		{5563869C-4E15-44E8-9A6E-285A02F444CC}.Release|iPhone.Build.0 = Release|Any CPU
		{5563869C-4E15-44E8-9A6E-285A02F444CC}.Release|iPhone.Deploy.0 = Release|Any CPU
		{5563869C-4E15-44E8-9A6E-285A02F444CC}.Release|iPhoneSimulator.ActiveCfg = Release|Any CPU
		{5563869C-4E15-44E8-9A6E-285A02F444CC}.Release|iPhoneSimulator.Build.0 = Release|Any CPU
		{5563869C-4E15-44E8-9A6E-285A02F444CC}.Release|iPhoneSimulator.Deploy.0 = Release|Any CPU
		{5563869C-4E15-44E8-9A6E-285A02F444CC}.Release|x64.ActiveCfg = Release|Any CPU
		{5563869C-4E15-44E8-9A6E-285A02F444CC}.Release|x64.Build.0 = Release|Any CPU
		{5563869C-4E15-44E8-9A6E-285A02F444CC}.Release|x64.Deploy.0 = Release|Any CPU
		{5563869C-4E15-44E8-9A6E-285A02F444CC}.Release|x86.ActiveCfg = Release|Any CPU
		{5563869C-4E15-44E8-9A6E-285A02F444CC}.Release|x86.Build.0 = Release|Any CPU
		{5563869C-4E15-44E8-9A6E-285A02F444CC}.Release|x86.Deploy.0 = Release|Any CPU
	EndGlobalSection
	GlobalSection(SolutionProperties) = preSolution
		HideSolutionNode = FALSE
	EndGlobalSection
	GlobalSection(ExtensibilityGlobals) = postSolution
		SolutionGuid = {D256961A-A8AB-4580-932B-D2DE30A17CED}
	EndGlobalSection
EndGlobal
