
Microsoft Visual Studio Solution File, Format Version 12.00
# Visual Studio Version 16
VisualStudioVersion = 16.0.29806.167
MinimumVisualStudioVersion = 10.0.40219.1
Project("{FAE04EC0-301F-11D3-BF4B-00C04F79EFBC}") = "HelloForms.UWP", "HelloForms\HelloForms.UWP\HelloForms.UWP.csproj", "{29A394A8-A7EE-4C79-B255-9AE63C0C6098}"
EndProject
Project("{FAE04EC0-301F-11D3-BF4B-00C04F79EFBC}") = "HelloForms.Android", "HelloForms\HelloForms.Android\HelloForms.Android.csproj", "{9F6C047F-2CD8-4EDC-B2BE-C3A510BF0FA8}"
EndProject
Project("{FAE04EC0-301F-11D3-BF4B-00C04F79EFBC}") = "HelloForms.iOS", "HelloForms\HelloForms.iOS\HelloForms.iOS.csproj", "{D9A08415-6F0D-46F4-9718-1A1CA158E568}"
EndProject
Project("{FAE04EC0-301F-11D3-BF4B-00C04F79EFBC}") = "HelloForms", "HelloForms\HelloForms\HelloForms.csproj", "{2D268C10-23F9-4AE0-8503-34C63CAA4D30}"
EndProject
Global
	GlobalSection(SolutionConfigurationPlatforms) = preSolution
		Debug|Any CPU = Debug|Any CPU
		Debug|ARM = Debug|ARM
		Debug|iPhone = Debug|iPhone
		Debug|iPhoneSimulator = Debug|iPhoneSimulator
		Debug|x64 = Debug|x64
		Debug|x86 = Debug|x86
		Release|Any CPU = Release|Any CPU
		Release|ARM = Release|ARM
		Release|iPhone = Release|iPhone
		Release|iPhoneSimulator = Release|iPhoneSimulator
		Release|x64 = Release|x64
		Release|x86 = Release|x86
	EndGlobalSection
	GlobalSection(ProjectConfigurationPlatforms) = postSolution
		{29A394A8-A7EE-4C79-B255-9AE63C0C6098}.Debug|Any CPU.ActiveCfg = Debug|x86
		{29A394A8-A7EE-4C79-B255-9AE63C0C6098}.Debug|Any CPU.Build.0 = Debug|x86
		{29A394A8-A7EE-4C79-B255-9AE63C0C6098}.Debug|Any CPU.Deploy.0 = Debug|x86
		{29A394A8-A7EE-4C79-B255-9AE63C0C6098}.Debug|ARM.ActiveCfg = Debug|ARM
		{29A394A8-A7EE-4C79-B255-9AE63C0C6098}.Debug|ARM.Build.0 = Debug|ARM
		{29A394A8-A7EE-4C79-B255-9AE63C0C6098}.Debug|ARM.Deploy.0 = Debug|ARM
		{29A394A8-A7EE-4C79-B255-9AE63C0C6098}.Debug|iPhone.ActiveCfg = Debug|x86
		{29A394A8-A7EE-4C79-B255-9AE63C0C6098}.Debug|iPhone.Build.0 = Debug|x86
		{29A394A8-A7EE-4C79-B255-9AE63C0C6098}.Debug|iPhone.Deploy.0 = Debug|x86
		{29A394A8-A7EE-4C79-B255-9AE63C0C6098}.Debug|iPhoneSimulator.ActiveCfg = Debug|x86
		{29A394A8-A7EE-4C79-B255-9AE63C0C6098}.Debug|iPhoneSimulator.Build.0 = Debug|x86
		{29A394A8-A7EE-4C79-B255-9AE63C0C6098}.Debug|iPhoneSimulator.Deploy.0 = Debug|x86
		{29A394A8-A7EE-4C79-B255-9AE63C0C6098}.Debug|x64.ActiveCfg = Debug|x64
		{29A394A8-A7EE-4C79-B255-9AE63C0C6098}.Debug|x64.Build.0 = Debug|x64
		{29A394A8-A7EE-4C79-B255-9AE63C0C6098}.Debug|x64.Deploy.0 = Debug|x64
		{29A394A8-A7EE-4C79-B255-9AE63C0C6098}.Debug|x86.ActiveCfg = Debug|x86
		{29A394A8-A7EE-4C79-B255-9AE63C0C6098}.Debug|x86.Build.0 = Debug|x86
		{29A394A8-A7EE-4C79-B255-9AE63C0C6098}.Debug|x86.Deploy.0 = Debug|x86
		{29A394A8-A7EE-4C79-B255-9AE63C0C6098}.Release|Any CPU.ActiveCfg = Release|x86
		{29A394A8-A7EE-4C79-B255-9AE63C0C6098}.Release|Any CPU.Build.0 = Release|x86
		{29A394A8-A7EE-4C79-B255-9AE63C0C6098}.Release|Any CPU.Deploy.0 = Release|x86
		{29A394A8-A7EE-4C79-B255-9AE63C0C6098}.Release|ARM.ActiveCfg = Release|ARM
		{29A394A8-A7EE-4C79-B255-9AE63C0C6098}.Release|ARM.Build.0 = Release|ARM
		{29A394A8-A7EE-4C79-B255-9AE63C0C6098}.Release|ARM.Deploy.0 = Release|ARM
		{29A394A8-A7EE-4C79-B255-9AE63C0C6098}.Release|iPhone.ActiveCfg = Release|x86
		{29A394A8-A7EE-4C79-B255-9AE63C0C6098}.Release|iPhone.Build.0 = Release|x86
		{29A394A8-A7EE-4C79-B255-9AE63C0C6098}.Release|iPhone.Deploy.0 = Release|x86
		{29A394A8-A7EE-4C79-B255-9AE63C0C6098}.Release|iPhoneSimulator.ActiveCfg = Release|x86
		{29A394A8-A7EE-4C79-B255-9AE63C0C6098}.Release|iPhoneSimulator.Build.0 = Release|x86
		{29A394A8-A7EE-4C79-B255-9AE63C0C6098}.Release|iPhoneSimulator.Deploy.0 = Release|x86
		{29A394A8-A7EE-4C79-B255-9AE63C0C6098}.Release|x64.ActiveCfg = Release|x64
		{29A394A8-A7EE-4C79-B255-9AE63C0C6098}.Release|x64.Build.0 = Release|x64
		{29A394A8-A7EE-4C79-B255-9AE63C0C6098}.Release|x64.Deploy.0 = Release|x64
		{29A394A8-A7EE-4C79-B255-9AE63C0C6098}.Release|x86.ActiveCfg = Release|x86
		{29A394A8-A7EE-4C79-B255-9AE63C0C6098}.Release|x86.Build.0 = Release|x86
		{29A394A8-A7EE-4C79-B255-9AE63C0C6098}.Release|x86.Deploy.0 = Release|x86
		{9F6C047F-2CD8-4EDC-B2BE-C3A510BF0FA8}.Debug|Any CPU.ActiveCfg = Debug|Any CPU
		{9F6C047F-2CD8-4EDC-B2BE-C3A510BF0FA8}.Debug|Any CPU.Build.0 = Debug|Any CPU
		{9F6C047F-2CD8-4EDC-B2BE-C3A510BF0FA8}.Debug|Any CPU.Deploy.0 = Debug|Any CPU
		{9F6C047F-2CD8-4EDC-B2BE-C3A510BF0FA8}.Debug|ARM.ActiveCfg = Debug|Any CPU
		{9F6C047F-2CD8-4EDC-B2BE-C3A510BF0FA8}.Debug|ARM.Build.0 = Debug|Any CPU
		{9F6C047F-2CD8-4EDC-B2BE-C3A510BF0FA8}.Debug|ARM.Deploy.0 = Debug|Any CPU
		{9F6C047F-2CD8-4EDC-B2BE-C3A510BF0FA8}.Debug|iPhone.ActiveCfg = Debug|Any CPU
		{9F6C047F-2CD8-4EDC-B2BE-C3A510BF0FA8}.Debug|iPhone.Build.0 = Debug|Any CPU
		{9F6C047F-2CD8-4EDC-B2BE-C3A510BF0FA8}.Debug|iPhone.Deploy.0 = Debug|Any CPU
		{9F6C047F-2CD8-4EDC-B2BE-C3A510BF0FA8}.Debug|iPhoneSimulator.ActiveCfg = Debug|Any CPU
		{9F6C047F-2CD8-4EDC-B2BE-C3A510BF0FA8}.Debug|iPhoneSimulator.Build.0 = Debug|Any CPU
		{9F6C047F-2CD8-4EDC-B2BE-C3A510BF0FA8}.Debug|iPhoneSimulator.Deploy.0 = Debug|Any CPU
		{9F6C047F-2CD8-4EDC-B2BE-C3A510BF0FA8}.Debug|x64.ActiveCfg = Debug|Any CPU
		{9F6C047F-2CD8-4EDC-B2BE-C3A510BF0FA8}.Debug|x64.Build.0 = Debug|Any CPU
		{9F6C047F-2CD8-4EDC-B2BE-C3A510BF0FA8}.Debug|x64.Deploy.0 = Debug|Any CPU
		{9F6C047F-2CD8-4EDC-B2BE-C3A510BF0FA8}.Debug|x86.ActiveCfg = Debug|Any CPU
		{9F6C047F-2CD8-4EDC-B2BE-C3A510BF0FA8}.Debug|x86.Build.0 = Debug|Any CPU
		{9F6C047F-2CD8-4EDC-B2BE-C3A510BF0FA8}.Debug|x86.Deploy.0 = Debug|Any CPU
		{9F6C047F-2CD8-4EDC-B2BE-C3A510BF0FA8}.Release|Any CPU.ActiveCfg = Release|Any CPU
		{9F6C047F-2CD8-4EDC-B2BE-C3A510BF0FA8}.Release|Any CPU.Build.0 = Release|Any CPU
		{9F6C047F-2CD8-4EDC-B2BE-C3A510BF0FA8}.Release|Any CPU.Deploy.0 = Release|Any CPU
		{9F6C047F-2CD8-4EDC-B2BE-C3A510BF0FA8}.Release|ARM.ActiveCfg = Release|Any CPU
		{9F6C047F-2CD8-4EDC-B2BE-C3A510BF0FA8}.Release|ARM.Build.0 = Release|Any CPU
		{9F6C047F-2CD8-4EDC-B2BE-C3A510BF0FA8}.Release|ARM.Deploy.0 = Release|Any CPU
		{9F6C047F-2CD8-4EDC-B2BE-C3A510BF0FA8}.Release|iPhone.ActiveCfg = Release|Any CPU
		{9F6C047F-2CD8-4EDC-B2BE-C3A510BF0FA8}.Release|iPhone.Build.0 = Release|Any CPU
		{9F6C047F-2CD8-4EDC-B2BE-C3A510BF0FA8}.Release|iPhone.Deploy.0 = Release|Any CPU
		{9F6C047F-2CD8-4EDC-B2BE-C3A510BF0FA8}.Release|iPhoneSimulator.ActiveCfg = Release|Any CPU
		{9F6C047F-2CD8-4EDC-B2BE-C3A510BF0FA8}.Release|iPhoneSimulator.Build.0 = Release|Any CPU
		{9F6C047F-2CD8-4EDC-B2BE-C3A510BF0FA8}.Release|iPhoneSimulator.Deploy.0 = Release|Any CPU
		{9F6C047F-2CD8-4EDC-B2BE-C3A510BF0FA8}.Release|x64.ActiveCfg = Release|Any CPU
		{9F6C047F-2CD8-4EDC-B2BE-C3A510BF0FA8}.Release|x64.Build.0 = Release|Any CPU
		{9F6C047F-2CD8-4EDC-B2BE-C3A510BF0FA8}.Release|x64.Deploy.0 = Release|Any CPU
		{9F6C047F-2CD8-4EDC-B2BE-C3A510BF0FA8}.Release|x86.ActiveCfg = Release|Any CPU
		{9F6C047F-2CD8-4EDC-B2BE-C3A510BF0FA8}.Release|x86.Build.0 = Release|Any CPU
		{9F6C047F-2CD8-4EDC-B2BE-C3A510BF0FA8}.Release|x86.Deploy.0 = Release|Any CPU
		{D9A08415-6F0D-46F4-9718-1A1CA158E568}.Debug|Any CPU.ActiveCfg = Debug|iPhone
		{D9A08415-6F0D-46F4-9718-1A1CA158E568}.Debug|Any CPU.Build.0 = Debug|iPhone
		{D9A08415-6F0D-46F4-9718-1A1CA158E568}.Debug|Any CPU.Deploy.0 = Debug|iPhone
		{D9A08415-6F0D-46F4-9718-1A1CA158E568}.Debug|ARM.ActiveCfg = Debug|iPhoneSimulator
		{D9A08415-6F0D-46F4-9718-1A1CA158E568}.Debug|ARM.Build.0 = Debug|iPhoneSimulator
		{D9A08415-6F0D-46F4-9718-1A1CA158E568}.Debug|ARM.Deploy.0 = Debug|iPhoneSimulator
		{D9A08415-6F0D-46F4-9718-1A1CA158E568}.Debug|iPhone.ActiveCfg = Debug|iPhone
		{D9A08415-6F0D-46F4-9718-1A1CA158E568}.Debug|iPhone.Build.0 = Debug|iPhone
		{D9A08415-6F0D-46F4-9718-1A1CA158E568}.Debug|iPhone.Deploy.0 = Debug|iPhone
		{D9A08415-6F0D-46F4-9718-1A1CA158E568}.Debug|iPhoneSimulator.ActiveCfg = Debug|iPhoneSimulator
		{D9A08415-6F0D-46F4-9718-1A1CA158E568}.Debug|iPhoneSimulator.Build.0 = Debug|iPhoneSimulator
		{D9A08415-6F0D-46F4-9718-1A1CA158E568}.Debug|iPhoneSimulator.Deploy.0 = Debug|iPhoneSimulator
		{D9A08415-6F0D-46F4-9718-1A1CA158E568}.Debug|x64.ActiveCfg = Debug|iPhone
		{D9A08415-6F0D-46F4-9718-1A1CA158E568}.Debug|x64.Build.0 = Debug|iPhone
		{D9A08415-6F0D-46F4-9718-1A1CA158E568}.Debug|x64.Deploy.0 = Debug|iPhone
		{D9A08415-6F0D-46F4-9718-1A1CA158E568}.Debug|x86.ActiveCfg = Debug|iPhone
		{D9A08415-6F0D-46F4-9718-1A1CA158E568}.Debug|x86.Build.0 = Debug|iPhone
		{D9A08415-6F0D-46F4-9718-1A1CA158E568}.Debug|x86.Deploy.0 = Debug|iPhone
		{D9A08415-6F0D-46F4-9718-1A1CA158E568}.Release|Any CPU.ActiveCfg = Release|iPhone
		{D9A08415-6F0D-46F4-9718-1A1CA158E568}.Release|Any CPU.Build.0 = Release|iPhone
		{D9A08415-6F0D-46F4-9718-1A1CA158E568}.Release|Any CPU.Deploy.0 = Release|iPhone
		{D9A08415-6F0D-46F4-9718-1A1CA158E568}.Release|ARM.ActiveCfg = Release|iPhone
		{D9A08415-6F0D-46F4-9718-1A1CA158E568}.Release|ARM.Build.0 = Release|iPhone
		{D9A08415-6F0D-46F4-9718-1A1CA158E568}.Release|ARM.Deploy.0 = Release|iPhone
		{D9A08415-6F0D-46F4-9718-1A1CA158E568}.Release|iPhone.ActiveCfg = Release|iPhone
		{D9A08415-6F0D-46F4-9718-1A1CA158E568}.Release|iPhone.Build.0 = Release|iPhone
		{D9A08415-6F0D-46F4-9718-1A1CA158E568}.Release|iPhone.Deploy.0 = Release|iPhone
		{D9A08415-6F0D-46F4-9718-1A1CA158E568}.Release|iPhoneSimulator.ActiveCfg = Release|iPhoneSimulator
		{D9A08415-6F0D-46F4-9718-1A1CA158E568}.Release|iPhoneSimulator.Build.0 = Release|iPhoneSimulator
		{D9A08415-6F0D-46F4-9718-1A1CA158E568}.Release|iPhoneSimulator.Deploy.0 = Release|iPhoneSimulator
		{D9A08415-6F0D-46F4-9718-1A1CA158E568}.Release|x64.ActiveCfg = Release|iPhone
		{D9A08415-6F0D-46F4-9718-1A1CA158E568}.Release|x64.Build.0 = Release|iPhone
		{D9A08415-6F0D-46F4-9718-1A1CA158E568}.Release|x64.Deploy.0 = Release|iPhone
		{D9A08415-6F0D-46F4-9718-1A1CA158E568}.Release|x86.ActiveCfg = Release|iPhone
		{D9A08415-6F0D-46F4-9718-1A1CA158E568}.Release|x86.Build.0 = Release|iPhone
		{D9A08415-6F0D-46F4-9718-1A1CA158E568}.Release|x86.Deploy.0 = Release|iPhone
		{2D268C10-23F9-4AE0-8503-34C63CAA4D30}.Debug|Any CPU.ActiveCfg = Debug|Any CPU
		{2D268C10-23F9-4AE0-8503-34C63CAA4D30}.Debug|Any CPU.Build.0 = Debug|Any CPU
		{2D268C10-23F9-4AE0-8503-34C63CAA4D30}.Debug|Any CPU.Deploy.0 = Debug|Any CPU
		{2D268C10-23F9-4AE0-8503-34C63CAA4D30}.Debug|ARM.ActiveCfg = Debug|Any CPU
		{2D268C10-23F9-4AE0-8503-34C63CAA4D30}.Debug|ARM.Build.0 = Debug|Any CPU
		{2D268C10-23F9-4AE0-8503-34C63CAA4D30}.Debug|ARM.Deploy.0 = Debug|Any CPU
		{2D268C10-23F9-4AE0-8503-34C63CAA4D30}.Debug|iPhone.ActiveCfg = Debug|Any CPU
		{2D268C10-23F9-4AE0-8503-34C63CAA4D30}.Debug|iPhone.Build.0 = Debug|Any CPU
		{2D268C10-23F9-4AE0-8503-34C63CAA4D30}.Debug|iPhone.Deploy.0 = Debug|Any CPU
		{2D268C10-23F9-4AE0-8503-34C63CAA4D30}.Debug|iPhoneSimulator.ActiveCfg = Debug|Any CPU
		{2D268C10-23F9-4AE0-8503-34C63CAA4D30}.Debug|iPhoneSimulator.Build.0 = Debug|Any CPU
		{2D268C10-23F9-4AE0-8503-34C63CAA4D30}.Debug|iPhoneSimulator.Deploy.0 = Debug|Any CPU
		{2D268C10-23F9-4AE0-8503-34C63CAA4D30}.Debug|x64.ActiveCfg = Debug|Any CPU
		{2D268C10-23F9-4AE0-8503-34C63CAA4D30}.Debug|x64.Build.0 = Debug|Any CPU
		{2D268C10-23F9-4AE0-8503-34C63CAA4D30}.Debug|x64.Deploy.0 = Debug|Any CPU
		{2D268C10-23F9-4AE0-8503-34C63CAA4D30}.Debug|x86.ActiveCfg = Debug|Any CPU
		{2D268C10-23F9-4AE0-8503-34C63CAA4D30}.Debug|x86.Build.0 = Debug|Any CPU
		{2D268C10-23F9-4AE0-8503-34C63CAA4D30}.Debug|x86.Deploy.0 = Debug|Any CPU
		{2D268C10-23F9-4AE0-8503-34C63CAA4D30}.Release|Any CPU.ActiveCfg = Release|Any CPU
		{2D268C10-23F9-4AE0-8503-34C63CAA4D30}.Release|Any CPU.Build.0 = Release|Any CPU
		{2D268C10-23F9-4AE0-8503-34C63CAA4D30}.Release|Any CPU.Deploy.0 = Release|Any CPU
		{2D268C10-23F9-4AE0-8503-34C63CAA4D30}.Release|ARM.ActiveCfg = Release|Any CPU
		{2D268C10-23F9-4AE0-8503-34C63CAA4D30}.Release|ARM.Build.0 = Release|Any CPU
		{2D268C10-23F9-4AE0-8503-34C63CAA4D30}.Release|ARM.Deploy.0 = Release|Any CPU
		{2D268C10-23F9-4AE0-8503-34C63CAA4D30}.Release|iPhone.ActiveCfg = Release|Any CPU
		{2D268C10-23F9-4AE0-8503-34C63CAA4D30}.Release|iPhone.Build.0 = Release|Any CPU
		{2D268C10-23F9-4AE0-8503-34C63CAA4D30}.Release|iPhone.Deploy.0 = Release|Any CPU
		{2D268C10-23F9-4AE0-8503-34C63CAA4D30}.Release|iPhoneSimulator.ActiveCfg = Release|Any CPU
		{2D268C10-23F9-4AE0-8503-34C63CAA4D30}.Release|iPhoneSimulator.Build.0 = Release|Any CPU
		{2D268C10-23F9-4AE0-8503-34C63CAA4D30}.Release|iPhoneSimulator.Deploy.0 = Release|Any CPU
		{2D268C10-23F9-4AE0-8503-34C63CAA4D30}.Release|x64.ActiveCfg = Release|Any CPU
		{2D268C10-23F9-4AE0-8503-34C63CAA4D30}.Release|x64.Build.0 = Release|Any CPU
		{2D268C10-23F9-4AE0-8503-34C63CAA4D30}.Release|x64.Deploy.0 = Release|Any CPU
		{2D268C10-23F9-4AE0-8503-34C63CAA4D30}.Release|x86.ActiveCfg = Release|Any CPU
		{2D268C10-23F9-4AE0-8503-34C63CAA4D30}.Release|x86.Build.0 = Release|Any CPU
		{2D268C10-23F9-4AE0-8503-34C63CAA4D30}.Release|x86.Deploy.0 = Release|Any CPU
	EndGlobalSection
	GlobalSection(SolutionProperties) = preSolution
		HideSolutionNode = FALSE
	EndGlobalSection
	GlobalSection(ExtensibilityGlobals) = postSolution
		SolutionGuid = {25532289-FD78-4BC5-8862-102ECC896B80}
	EndGlobalSection
EndGlobal
